
Microsoft Visual Studio Solution File, Format Version 12.00
# Visual Studio 2013
VisualStudioVersion = 12.0.21005.1
MinimumVisualStudioVersion = 10.0.40219.1
Project("{FAE04EC0-301F-11D3-BF4B-00C04F79EFBC}") = "SolarSystem", "SolarSystem.csproj", "{2F30E9AF-8256-40AF-B356-EA14E55CE9D7}"
EndProject
Project("{FAE04EC0-301F-11D3-BF4B-00C04F79EFBC}") = "CompareMath", "CompareSimpleMath\CompareMath.csproj", "{7CEC5535-EA0B-4C8C-8E7A-45505DA3B9BE}"
EndProject
Project("{FAE04EC0-301F-11D3-BF4B-00C04F79EFBC}") = "CompareSortAlgorithms", "CompareSortAlgorithms\CompareSortAlgorithms.csproj", "{D2618D5C-D5CA-47B1-ABA8-6B6CD7C12EA9}"
EndProject
Global
	GlobalSection(SolutionConfigurationPlatforms) = preSolution
		Debug|Any CPU = Debug|Any CPU
		Release|Any CPU = Release|Any CPU
	EndGlobalSection
	GlobalSection(ProjectConfigurationPlatforms) = postSolution
		{2F30E9AF-8256-40AF-B356-EA14E55CE9D7}.Debug|Any CPU.ActiveCfg = Debug|Any CPU
		{2F30E9AF-8256-40AF-B356-EA14E55CE9D7}.Debug|Any CPU.Build.0 = Debug|Any CPU
		{2F30E9AF-8256-40AF-B356-EA14E55CE9D7}.Release|Any CPU.ActiveCfg = Release|Any CPU
		{2F30E9AF-8256-40AF-B356-EA14E55CE9D7}.Release|Any CPU.Build.0 = Release|Any CPU
		{7CEC5535-EA0B-4C8C-8E7A-45505DA3B9BE}.Debug|Any CPU.ActiveCfg = Debug|Any CPU
		{7CEC5535-EA0B-4C8C-8E7A-45505DA3B9BE}.Debug|Any CPU.Build.0 = Debug|Any CPU
		{7CEC5535-EA0B-4C8C-8E7A-45505DA3B9BE}.Release|Any CPU.ActiveCfg = Release|Any CPU
		{7CEC5535-EA0B-4C8C-8E7A-45505DA3B9BE}.Release|Any CPU.Build.0 = Release|Any CPU
		{D2618D5C-D5CA-47B1-ABA8-6B6CD7C12EA9}.Debug|Any CPU.ActiveCfg = Debug|Any CPU
		{D2618D5C-D5CA-47B1-ABA8-6B6CD7C12EA9}.Debug|Any CPU.Build.0 = Debug|Any CPU
		{D2618D5C-D5CA-47B1-ABA8-6B6CD7C12EA9}.Release|Any CPU.ActiveCfg = Release|Any CPU
		{D2618D5C-D5CA-47B1-ABA8-6B6CD7C12EA9}.Release|Any CPU.Build.0 = Release|Any CPU
	EndGlobalSection
	GlobalSection(SolutionProperties) = preSolution
		HideSolutionNode = FALSE
	EndGlobalSection
EndGlobal
