
Microsoft Visual Studio Solution File, Format Version 12.00
# Visual Studio 2013
VisualStudioVersion = 12.0.21005.1
MinimumVisualStudioVersion = 10.0.40219.1
Project("{FAE04EC0-301F-11D3-BF4B-00C04F79EFBC}") = "01.SayHello", "SayHello\01.SayHello.csproj", "{FC14D73D-0066-45D6-9BF1-E40FA2258452}"
EndProject
Project("{FAE04EC0-301F-11D3-BF4B-00C04F79EFBC}") = "02.GetLargestNumber", "GetLargestNumber\02.GetLargestNumber.csproj", "{A9C9ADD3-29FB-4DC7-9D87-C29E59FC58EF}"
EndProject
Project("{FAE04EC0-301F-11D3-BF4B-00C04F79EFBC}") = "03.EnglishDigit", "EnglishDigit\03.EnglishDigit.csproj", "{A67C234F-0476-4C67-A9B9-4358BA475AD0}"
EndProject
Project("{FAE04EC0-301F-11D3-BF4B-00C04F79EFBC}") = "04.AppearanceCount", "AppearanceCount\04.AppearanceCount.csproj", "{94BF3152-90BE-4B3D-9D84-1CCB3618897E}"
EndProject
Global
	GlobalSection(SolutionConfigurationPlatforms) = preSolution
		Debug|Any CPU = Debug|Any CPU
		Release|Any CPU = Release|Any CPU
	EndGlobalSection
	GlobalSection(ProjectConfigurationPlatforms) = postSolution
		{FC14D73D-0066-45D6-9BF1-E40FA2258452}.Debug|Any CPU.ActiveCfg = Debug|Any CPU
		{FC14D73D-0066-45D6-9BF1-E40FA2258452}.Debug|Any CPU.Build.0 = Debug|Any CPU
		{FC14D73D-0066-45D6-9BF1-E40FA2258452}.Release|Any CPU.ActiveCfg = Release|Any CPU
		{FC14D73D-0066-45D6-9BF1-E40FA2258452}.Release|Any CPU.Build.0 = Release|Any CPU
		{A9C9ADD3-29FB-4DC7-9D87-C29E59FC58EF}.Debug|Any CPU.ActiveCfg = Debug|Any CPU
		{A9C9ADD3-29FB-4DC7-9D87-C29E59FC58EF}.Debug|Any CPU.Build.0 = Debug|Any CPU
		{A9C9ADD3-29FB-4DC7-9D87-C29E59FC58EF}.Release|Any CPU.ActiveCfg = Release|Any CPU
		{A9C9ADD3-29FB-4DC7-9D87-C29E59FC58EF}.Release|Any CPU.Build.0 = Release|Any CPU
		{A67C234F-0476-4C67-A9B9-4358BA475AD0}.Debug|Any CPU.ActiveCfg = Debug|Any CPU
		{A67C234F-0476-4C67-A9B9-4358BA475AD0}.Debug|Any CPU.Build.0 = Debug|Any CPU
		{A67C234F-0476-4C67-A9B9-4358BA475AD0}.Release|Any CPU.ActiveCfg = Release|Any CPU
		{A67C234F-0476-4C67-A9B9-4358BA475AD0}.Release|Any CPU.Build.0 = Release|Any CPU
		{94BF3152-90BE-4B3D-9D84-1CCB3618897E}.Debug|Any CPU.ActiveCfg = Debug|Any CPU
		{94BF3152-90BE-4B3D-9D84-1CCB3618897E}.Debug|Any CPU.Build.0 = Debug|Any CPU
		{94BF3152-90BE-4B3D-9D84-1CCB3618897E}.Release|Any CPU.ActiveCfg = Release|Any CPU
		{94BF3152-90BE-4B3D-9D84-1CCB3618897E}.Release|Any CPU.Build.0 = Release|Any CPU
	EndGlobalSection
	GlobalSection(SolutionProperties) = preSolution
		HideSolutionNode = FALSE
	EndGlobalSection
EndGlobal
