
Microsoft Visual Studio Solution File, Format Version 12.00
# Visual Studio 2013
VisualStudioVersion = 12.0.21005.1
MinimumVisualStudioVersion = 10.0.40219.1
Project("{FAE04EC0-301F-11D3-BF4B-00C04F79EFBC}") = "01.LeapYear", "LeapYear\01.LeapYear.csproj", "{89B34730-919D-4AB4-A77F-612B3FDE4024}"
EndProject
Project("{FAE04EC0-301F-11D3-BF4B-00C04F79EFBC}") = "02.RandomNumbers", "RandomNumbers\02.RandomNumbers.csproj", "{B3A9C0E4-0D1B-4479-BFAC-638CE85DE19C}"
EndProject
Project("{FAE04EC0-301F-11D3-BF4B-00C04F79EFBC}") = "03.DayOfWeek", "DayOfWeek\03.DayOfWeek.csproj", "{99F71AF2-663D-4DF3-9EA9-4460BE49A7D4}"
EndProject
Project("{FAE04EC0-301F-11D3-BF4B-00C04F79EFBC}") = "04.TriangleSurface", "TriangleSurface\04.TriangleSurface.csproj", "{CC8C64C6-4AD2-4445-A3F3-6D0C7172E424}"
EndProject
Project("{FAE04EC0-301F-11D3-BF4B-00C04F79EFBC}") = "05.Workdays", "Workdays\05.Workdays.csproj", "{A9790631-CA62-46CF-8495-3A57E63FDBFE}"
EndProject
Project("{FAE04EC0-301F-11D3-BF4B-00C04F79EFBC}") = "06.SumIntegers", "SumIntegers\06.SumIntegers.csproj", "{49760BFE-A045-4980-8739-B1E8679D4139}"
EndProject
Global
	GlobalSection(SolutionConfigurationPlatforms) = preSolution
		Debug|Any CPU = Debug|Any CPU
		Release|Any CPU = Release|Any CPU
	EndGlobalSection
	GlobalSection(ProjectConfigurationPlatforms) = postSolution
		{89B34730-919D-4AB4-A77F-612B3FDE4024}.Debug|Any CPU.ActiveCfg = Debug|Any CPU
		{89B34730-919D-4AB4-A77F-612B3FDE4024}.Debug|Any CPU.Build.0 = Debug|Any CPU
		{89B34730-919D-4AB4-A77F-612B3FDE4024}.Release|Any CPU.ActiveCfg = Release|Any CPU
		{89B34730-919D-4AB4-A77F-612B3FDE4024}.Release|Any CPU.Build.0 = Release|Any CPU
		{B3A9C0E4-0D1B-4479-BFAC-638CE85DE19C}.Debug|Any CPU.ActiveCfg = Debug|Any CPU
		{B3A9C0E4-0D1B-4479-BFAC-638CE85DE19C}.Debug|Any CPU.Build.0 = Debug|Any CPU
		{B3A9C0E4-0D1B-4479-BFAC-638CE85DE19C}.Release|Any CPU.ActiveCfg = Release|Any CPU
		{B3A9C0E4-0D1B-4479-BFAC-638CE85DE19C}.Release|Any CPU.Build.0 = Release|Any CPU
		{99F71AF2-663D-4DF3-9EA9-4460BE49A7D4}.Debug|Any CPU.ActiveCfg = Debug|Any CPU
		{99F71AF2-663D-4DF3-9EA9-4460BE49A7D4}.Debug|Any CPU.Build.0 = Debug|Any CPU
		{99F71AF2-663D-4DF3-9EA9-4460BE49A7D4}.Release|Any CPU.ActiveCfg = Release|Any CPU
		{99F71AF2-663D-4DF3-9EA9-4460BE49A7D4}.Release|Any CPU.Build.0 = Release|Any CPU
		{CC8C64C6-4AD2-4445-A3F3-6D0C7172E424}.Debug|Any CPU.ActiveCfg = Debug|Any CPU
		{CC8C64C6-4AD2-4445-A3F3-6D0C7172E424}.Debug|Any CPU.Build.0 = Debug|Any CPU
		{CC8C64C6-4AD2-4445-A3F3-6D0C7172E424}.Release|Any CPU.ActiveCfg = Release|Any CPU
		{CC8C64C6-4AD2-4445-A3F3-6D0C7172E424}.Release|Any CPU.Build.0 = Release|Any CPU
		{A9790631-CA62-46CF-8495-3A57E63FDBFE}.Debug|Any CPU.ActiveCfg = Debug|Any CPU
		{A9790631-CA62-46CF-8495-3A57E63FDBFE}.Debug|Any CPU.Build.0 = Debug|Any CPU
		{A9790631-CA62-46CF-8495-3A57E63FDBFE}.Release|Any CPU.ActiveCfg = Release|Any CPU
		{A9790631-CA62-46CF-8495-3A57E63FDBFE}.Release|Any CPU.Build.0 = Release|Any CPU
		{49760BFE-A045-4980-8739-B1E8679D4139}.Debug|Any CPU.ActiveCfg = Debug|Any CPU
		{49760BFE-A045-4980-8739-B1E8679D4139}.Debug|Any CPU.Build.0 = Debug|Any CPU
		{49760BFE-A045-4980-8739-B1E8679D4139}.Release|Any CPU.ActiveCfg = Release|Any CPU
		{49760BFE-A045-4980-8739-B1E8679D4139}.Release|Any CPU.Build.0 = Release|Any CPU
	EndGlobalSection
	GlobalSection(SolutionProperties) = preSolution
		HideSolutionNode = FALSE
	EndGlobalSection
EndGlobal
