
Microsoft Visual Studio Solution File, Format Version 12.00
# Visual Studio 2013
VisualStudioVersion = 12.0.21005.1
MinimumVisualStudioVersion = 10.0.40219.1
Project("{FAE04EC0-301F-11D3-BF4B-00C04F79EFBC}") = "01.Shapes", "Shapes\01.Shapes.csproj", "{AC3A1925-310D-4EA5-805D-5BEE729CD47D}"
EndProject
Project("{FAE04EC0-301F-11D3-BF4B-00C04F79EFBC}") = "02.BankAccounts", "BankAccounts\02.BankAccounts.csproj", "{81086536-76FA-4389-BD5E-0E7056F1C5BE}"
EndProject
Project("{FAE04EC0-301F-11D3-BF4B-00C04F79EFBC}") = "03.InvalidRangeException", "InvalidRangeException\03.InvalidRangeException.csproj", "{A2D8892A-F83E-4481-A4D3-3D43AA49752F}"
EndProject
Global
	GlobalSection(SolutionConfigurationPlatforms) = preSolution
		Debug|Any CPU = Debug|Any CPU
		Release|Any CPU = Release|Any CPU
	EndGlobalSection
	GlobalSection(ProjectConfigurationPlatforms) = postSolution
		{AC3A1925-310D-4EA5-805D-5BEE729CD47D}.Debug|Any CPU.ActiveCfg = Debug|Any CPU
		{AC3A1925-310D-4EA5-805D-5BEE729CD47D}.Debug|Any CPU.Build.0 = Debug|Any CPU
		{AC3A1925-310D-4EA5-805D-5BEE729CD47D}.Release|Any CPU.ActiveCfg = Release|Any CPU
		{AC3A1925-310D-4EA5-805D-5BEE729CD47D}.Release|Any CPU.Build.0 = Release|Any CPU
		{81086536-76FA-4389-BD5E-0E7056F1C5BE}.Debug|Any CPU.ActiveCfg = Debug|Any CPU
		{81086536-76FA-4389-BD5E-0E7056F1C5BE}.Debug|Any CPU.Build.0 = Debug|Any CPU
		{81086536-76FA-4389-BD5E-0E7056F1C5BE}.Release|Any CPU.ActiveCfg = Release|Any CPU
		{81086536-76FA-4389-BD5E-0E7056F1C5BE}.Release|Any CPU.Build.0 = Release|Any CPU
		{A2D8892A-F83E-4481-A4D3-3D43AA49752F}.Debug|Any CPU.ActiveCfg = Debug|Any CPU
		{A2D8892A-F83E-4481-A4D3-3D43AA49752F}.Debug|Any CPU.Build.0 = Debug|Any CPU
		{A2D8892A-F83E-4481-A4D3-3D43AA49752F}.Release|Any CPU.ActiveCfg = Release|Any CPU
		{A2D8892A-F83E-4481-A4D3-3D43AA49752F}.Release|Any CPU.Build.0 = Release|Any CPU
	EndGlobalSection
	GlobalSection(SolutionProperties) = preSolution
		HideSolutionNode = FALSE
	EndGlobalSection
EndGlobal
