
Microsoft Visual Studio Solution File, Format Version 12.00
# Visual Studio 2013
VisualStudioVersion = 12.0.21005.1
MinimumVisualStudioVersion = 10.0.40219.1
Project("{FAE04EC0-301F-11D3-BF4B-00C04F79EFBC}") = "01.OddOrEvenIntegers", "OddOrEvenIntegers\01.OddOrEvenIntegers.csproj", "{5FB2AC57-AF86-4296-837E-13B31BDFE06A}"
EndProject
Project("{FAE04EC0-301F-11D3-BF4B-00C04F79EFBC}") = "02.GravitationOnTheMoon", "GravitationOnTheMoon\02.GravitationOnTheMoon.csproj", "{7FF3605F-27F8-4449-A6EC-C63E2E25F76E}"
EndProject
Project("{FAE04EC0-301F-11D3-BF4B-00C04F79EFBC}") = "03.DivideBy7And5", "DivideBy7And5\03.DivideBy7And5.csproj", "{39209E67-851F-4E22-85B1-2130E48F4D49}"
EndProject
Project("{FAE04EC0-301F-11D3-BF4B-00C04F79EFBC}") = "04.Rectangles", "Rectangles\04.Rectangles.csproj", "{1A8DE9F7-3B41-4CAC-92EF-2AC7E333C6A3}"
EndProject
Project("{FAE04EC0-301F-11D3-BF4B-00C04F79EFBC}") = "05.ThirdDigit", "ThirdDigit\05.ThirdDigit.csproj", "{D6EA8804-5232-487E-9808-EEF6EC477470}"
EndProject
Project("{FAE04EC0-301F-11D3-BF4B-00C04F79EFBC}") = "06.FourDigitNumber", "FourDigitNumber\06.FourDigitNumber.csproj", "{B697ADB6-0071-4707-900E-9BEF7AA15EFF}"
EndProject
Project("{FAE04EC0-301F-11D3-BF4B-00C04F79EFBC}") = "07.PointInCircle", "PointInCircle\07.PointInCircle.csproj", "{05A9BBF7-7E3E-47CE-A924-5E82D073BDAE}"
EndProject
Project("{FAE04EC0-301F-11D3-BF4B-00C04F79EFBC}") = "08.PrimeNumberCheck", "PrimeNumberCheck\08.PrimeNumberCheck.csproj", "{CBB56E3E-F311-471E-8127-52EEB4600728}"
EndProject
Project("{FAE04EC0-301F-11D3-BF4B-00C04F79EFBC}") = "09.Trapezoids", "Trapezoids\09.Trapezoids.csproj", "{35736E0A-6AE9-4795-8B92-6DB3CB947C94}"
EndProject
Project("{FAE04EC0-301F-11D3-BF4B-00C04F79EFBC}") = "10.PointInsideCircleOutsideRectangle", "PointInsideCircleOutsideRectangle\10.PointInsideCircleOutsideRectangle.csproj", "{B8866587-6359-44CA-8936-857752B07C68}"
EndProject
Project("{FAE04EC0-301F-11D3-BF4B-00C04F79EFBC}") = "11.BitwiseExtractBit3", "BitwiseExtractBit3\11.BitwiseExtractBit3.csproj", "{A737DFBB-6856-40E3-947F-55A0AA21E28F}"
EndProject
Project("{FAE04EC0-301F-11D3-BF4B-00C04F79EFBC}") = "12.ExtractBitFromInteger", "ExtractBitFromInteger\12.ExtractBitFromInteger.csproj", "{F4F496A2-F2D4-46BD-ABF1-CFAD00DEFC9C}"
EndProject
Project("{FAE04EC0-301F-11D3-BF4B-00C04F79EFBC}") = "13.CheckBitAtGivenPosition", "CheckBitAtGivenPosition\13.CheckBitAtGivenPosition.csproj", "{BBAFC0E4-3AF7-4A07-807A-D75B357D7E8A}"
EndProject
Project("{FAE04EC0-301F-11D3-BF4B-00C04F79EFBC}") = "14.ModifyBitAtGivenPosition", "ModifyBitAtGivenPosition\14.ModifyBitAtGivenPosition.csproj", "{C03C6D37-3EFC-4E70-9E3E-1D09BADEF553}"
EndProject
Project("{FAE04EC0-301F-11D3-BF4B-00C04F79EFBC}") = "15.BitsExchange", "BitsExchange\15.BitsExchange.csproj", "{32B63D79-6CF8-490A-9B84-2C1CFC8216D8}"
EndProject
Project("{FAE04EC0-301F-11D3-BF4B-00C04F79EFBC}") = "16.BitExchangeAdvanced", "BitExchangeAdvanced\16.BitExchangeAdvanced.csproj", "{F05F1037-D8D7-4663-BE07-C7FF69727A9E}"
EndProject
Global
	GlobalSection(SolutionConfigurationPlatforms) = preSolution
		Debug|Any CPU = Debug|Any CPU
		Release|Any CPU = Release|Any CPU
	EndGlobalSection
	GlobalSection(ProjectConfigurationPlatforms) = postSolution
		{5FB2AC57-AF86-4296-837E-13B31BDFE06A}.Debug|Any CPU.ActiveCfg = Debug|Any CPU
		{5FB2AC57-AF86-4296-837E-13B31BDFE06A}.Debug|Any CPU.Build.0 = Debug|Any CPU
		{5FB2AC57-AF86-4296-837E-13B31BDFE06A}.Release|Any CPU.ActiveCfg = Release|Any CPU
		{5FB2AC57-AF86-4296-837E-13B31BDFE06A}.Release|Any CPU.Build.0 = Release|Any CPU
		{7FF3605F-27F8-4449-A6EC-C63E2E25F76E}.Debug|Any CPU.ActiveCfg = Debug|Any CPU
		{7FF3605F-27F8-4449-A6EC-C63E2E25F76E}.Debug|Any CPU.Build.0 = Debug|Any CPU
		{7FF3605F-27F8-4449-A6EC-C63E2E25F76E}.Release|Any CPU.ActiveCfg = Release|Any CPU
		{7FF3605F-27F8-4449-A6EC-C63E2E25F76E}.Release|Any CPU.Build.0 = Release|Any CPU
		{39209E67-851F-4E22-85B1-2130E48F4D49}.Debug|Any CPU.ActiveCfg = Debug|Any CPU
		{39209E67-851F-4E22-85B1-2130E48F4D49}.Debug|Any CPU.Build.0 = Debug|Any CPU
		{39209E67-851F-4E22-85B1-2130E48F4D49}.Release|Any CPU.ActiveCfg = Release|Any CPU
		{39209E67-851F-4E22-85B1-2130E48F4D49}.Release|Any CPU.Build.0 = Release|Any CPU
		{1A8DE9F7-3B41-4CAC-92EF-2AC7E333C6A3}.Debug|Any CPU.ActiveCfg = Debug|Any CPU
		{1A8DE9F7-3B41-4CAC-92EF-2AC7E333C6A3}.Debug|Any CPU.Build.0 = Debug|Any CPU
		{1A8DE9F7-3B41-4CAC-92EF-2AC7E333C6A3}.Release|Any CPU.ActiveCfg = Release|Any CPU
		{1A8DE9F7-3B41-4CAC-92EF-2AC7E333C6A3}.Release|Any CPU.Build.0 = Release|Any CPU
		{D6EA8804-5232-487E-9808-EEF6EC477470}.Debug|Any CPU.ActiveCfg = Debug|Any CPU
		{D6EA8804-5232-487E-9808-EEF6EC477470}.Debug|Any CPU.Build.0 = Debug|Any CPU
		{D6EA8804-5232-487E-9808-EEF6EC477470}.Release|Any CPU.ActiveCfg = Release|Any CPU
		{D6EA8804-5232-487E-9808-EEF6EC477470}.Release|Any CPU.Build.0 = Release|Any CPU
		{B697ADB6-0071-4707-900E-9BEF7AA15EFF}.Debug|Any CPU.ActiveCfg = Debug|Any CPU
		{B697ADB6-0071-4707-900E-9BEF7AA15EFF}.Debug|Any CPU.Build.0 = Debug|Any CPU
		{B697ADB6-0071-4707-900E-9BEF7AA15EFF}.Release|Any CPU.ActiveCfg = Release|Any CPU
		{B697ADB6-0071-4707-900E-9BEF7AA15EFF}.Release|Any CPU.Build.0 = Release|Any CPU
		{05A9BBF7-7E3E-47CE-A924-5E82D073BDAE}.Debug|Any CPU.ActiveCfg = Debug|Any CPU
		{05A9BBF7-7E3E-47CE-A924-5E82D073BDAE}.Debug|Any CPU.Build.0 = Debug|Any CPU
		{05A9BBF7-7E3E-47CE-A924-5E82D073BDAE}.Release|Any CPU.ActiveCfg = Release|Any CPU
		{05A9BBF7-7E3E-47CE-A924-5E82D073BDAE}.Release|Any CPU.Build.0 = Release|Any CPU
		{CBB56E3E-F311-471E-8127-52EEB4600728}.Debug|Any CPU.ActiveCfg = Debug|Any CPU
		{CBB56E3E-F311-471E-8127-52EEB4600728}.Debug|Any CPU.Build.0 = Debug|Any CPU
		{CBB56E3E-F311-471E-8127-52EEB4600728}.Release|Any CPU.ActiveCfg = Release|Any CPU
		{CBB56E3E-F311-471E-8127-52EEB4600728}.Release|Any CPU.Build.0 = Release|Any CPU
		{35736E0A-6AE9-4795-8B92-6DB3CB947C94}.Debug|Any CPU.ActiveCfg = Debug|Any CPU
		{35736E0A-6AE9-4795-8B92-6DB3CB947C94}.Debug|Any CPU.Build.0 = Debug|Any CPU
		{35736E0A-6AE9-4795-8B92-6DB3CB947C94}.Release|Any CPU.ActiveCfg = Release|Any CPU
		{35736E0A-6AE9-4795-8B92-6DB3CB947C94}.Release|Any CPU.Build.0 = Release|Any CPU
		{B8866587-6359-44CA-8936-857752B07C68}.Debug|Any CPU.ActiveCfg = Debug|Any CPU
		{B8866587-6359-44CA-8936-857752B07C68}.Debug|Any CPU.Build.0 = Debug|Any CPU
		{B8866587-6359-44CA-8936-857752B07C68}.Release|Any CPU.ActiveCfg = Release|Any CPU
		{B8866587-6359-44CA-8936-857752B07C68}.Release|Any CPU.Build.0 = Release|Any CPU
		{A737DFBB-6856-40E3-947F-55A0AA21E28F}.Debug|Any CPU.ActiveCfg = Debug|Any CPU
		{A737DFBB-6856-40E3-947F-55A0AA21E28F}.Debug|Any CPU.Build.0 = Debug|Any CPU
		{A737DFBB-6856-40E3-947F-55A0AA21E28F}.Release|Any CPU.ActiveCfg = Release|Any CPU
		{A737DFBB-6856-40E3-947F-55A0AA21E28F}.Release|Any CPU.Build.0 = Release|Any CPU
		{F4F496A2-F2D4-46BD-ABF1-CFAD00DEFC9C}.Debug|Any CPU.ActiveCfg = Debug|Any CPU
		{F4F496A2-F2D4-46BD-ABF1-CFAD00DEFC9C}.Debug|Any CPU.Build.0 = Debug|Any CPU
		{F4F496A2-F2D4-46BD-ABF1-CFAD00DEFC9C}.Release|Any CPU.ActiveCfg = Release|Any CPU
		{F4F496A2-F2D4-46BD-ABF1-CFAD00DEFC9C}.Release|Any CPU.Build.0 = Release|Any CPU
		{BBAFC0E4-3AF7-4A07-807A-D75B357D7E8A}.Debug|Any CPU.ActiveCfg = Debug|Any CPU
		{BBAFC0E4-3AF7-4A07-807A-D75B357D7E8A}.Debug|Any CPU.Build.0 = Debug|Any CPU
		{BBAFC0E4-3AF7-4A07-807A-D75B357D7E8A}.Release|Any CPU.ActiveCfg = Release|Any CPU
		{BBAFC0E4-3AF7-4A07-807A-D75B357D7E8A}.Release|Any CPU.Build.0 = Release|Any CPU
		{C03C6D37-3EFC-4E70-9E3E-1D09BADEF553}.Debug|Any CPU.ActiveCfg = Debug|Any CPU
		{C03C6D37-3EFC-4E70-9E3E-1D09BADEF553}.Debug|Any CPU.Build.0 = Debug|Any CPU
		{C03C6D37-3EFC-4E70-9E3E-1D09BADEF553}.Release|Any CPU.ActiveCfg = Release|Any CPU
		{C03C6D37-3EFC-4E70-9E3E-1D09BADEF553}.Release|Any CPU.Build.0 = Release|Any CPU
		{32B63D79-6CF8-490A-9B84-2C1CFC8216D8}.Debug|Any CPU.ActiveCfg = Debug|Any CPU
		{32B63D79-6CF8-490A-9B84-2C1CFC8216D8}.Debug|Any CPU.Build.0 = Debug|Any CPU
		{32B63D79-6CF8-490A-9B84-2C1CFC8216D8}.Release|Any CPU.ActiveCfg = Release|Any CPU
		{32B63D79-6CF8-490A-9B84-2C1CFC8216D8}.Release|Any CPU.Build.0 = Release|Any CPU
		{F05F1037-D8D7-4663-BE07-C7FF69727A9E}.Debug|Any CPU.ActiveCfg = Debug|Any CPU
		{F05F1037-D8D7-4663-BE07-C7FF69727A9E}.Debug|Any CPU.Build.0 = Debug|Any CPU
		{F05F1037-D8D7-4663-BE07-C7FF69727A9E}.Release|Any CPU.ActiveCfg = Release|Any CPU
		{F05F1037-D8D7-4663-BE07-C7FF69727A9E}.Release|Any CPU.Build.0 = Release|Any CPU
	EndGlobalSection
	GlobalSection(SolutionProperties) = preSolution
		HideSolutionNode = FALSE
	EndGlobalSection
EndGlobal
