
Microsoft Visual Studio Solution File, Format Version 12.00
# Visual Studio 2013
VisualStudioVersion = 12.0.21005.1
MinimumVisualStudioVersion = 10.0.40219.1
Project("{FAE04EC0-301F-11D3-BF4B-00C04F79EFBC}") = "01.NumberOfOccurrences", "NumberOfOccurrences\01.NumberOfOccurrences.csproj", "{3A1D6629-CA35-4EC4-814C-A641C674A781}"
EndProject
Project("{FAE04EC0-301F-11D3-BF4B-00C04F79EFBC}") = "02.OddOccurrences", "OddOccurrences\02.OddOccurrences.csproj", "{C1DD2462-7BAE-4C0B-8AB3-DDA50621C1B1}"
EndProject
Project("{FAE04EC0-301F-11D3-BF4B-00C04F79EFBC}") = "03.WordsFormFile", "WordsFormFile\03.WordsFormFile.csproj", "{98A21F12-AC9B-4E61-BA3D-7220BAAA8F1C}"
EndProject
Project("{FAE04EC0-301F-11D3-BF4B-00C04F79EFBC}") = "06.Phones", "Phones\06.Phones.csproj", "{BFB126AB-549D-42DC-BB5E-ACC64941A5F6}"
EndProject
Project("{FAE04EC0-301F-11D3-BF4B-00C04F79EFBC}") = "04-05.HashTable", "HashTable\04-05.HashTable.csproj", "{B4573D67-BD42-444E-B903-3BD282A72B83}"
EndProject
Project("{FAE04EC0-301F-11D3-BF4B-00C04F79EFBC}") = "HashTable.Tests", "HashTableTests\HashTable.Tests.csproj", "{4080D894-9BEC-4D23-B3C4-F002BFD0F746}"
EndProject
Global
	GlobalSection(SolutionConfigurationPlatforms) = preSolution
		Debug|Any CPU = Debug|Any CPU
		Release|Any CPU = Release|Any CPU
	EndGlobalSection
	GlobalSection(ProjectConfigurationPlatforms) = postSolution
		{3A1D6629-CA35-4EC4-814C-A641C674A781}.Debug|Any CPU.ActiveCfg = Debug|Any CPU
		{3A1D6629-CA35-4EC4-814C-A641C674A781}.Debug|Any CPU.Build.0 = Debug|Any CPU
		{3A1D6629-CA35-4EC4-814C-A641C674A781}.Release|Any CPU.ActiveCfg = Release|Any CPU
		{3A1D6629-CA35-4EC4-814C-A641C674A781}.Release|Any CPU.Build.0 = Release|Any CPU
		{C1DD2462-7BAE-4C0B-8AB3-DDA50621C1B1}.Debug|Any CPU.ActiveCfg = Debug|Any CPU
		{C1DD2462-7BAE-4C0B-8AB3-DDA50621C1B1}.Debug|Any CPU.Build.0 = Debug|Any CPU
		{C1DD2462-7BAE-4C0B-8AB3-DDA50621C1B1}.Release|Any CPU.ActiveCfg = Release|Any CPU
		{C1DD2462-7BAE-4C0B-8AB3-DDA50621C1B1}.Release|Any CPU.Build.0 = Release|Any CPU
		{98A21F12-AC9B-4E61-BA3D-7220BAAA8F1C}.Debug|Any CPU.ActiveCfg = Debug|Any CPU
		{98A21F12-AC9B-4E61-BA3D-7220BAAA8F1C}.Debug|Any CPU.Build.0 = Debug|Any CPU
		{98A21F12-AC9B-4E61-BA3D-7220BAAA8F1C}.Release|Any CPU.ActiveCfg = Release|Any CPU
		{98A21F12-AC9B-4E61-BA3D-7220BAAA8F1C}.Release|Any CPU.Build.0 = Release|Any CPU
		{BFB126AB-549D-42DC-BB5E-ACC64941A5F6}.Debug|Any CPU.ActiveCfg = Debug|Any CPU
		{BFB126AB-549D-42DC-BB5E-ACC64941A5F6}.Debug|Any CPU.Build.0 = Debug|Any CPU
		{BFB126AB-549D-42DC-BB5E-ACC64941A5F6}.Release|Any CPU.ActiveCfg = Release|Any CPU
		{BFB126AB-549D-42DC-BB5E-ACC64941A5F6}.Release|Any CPU.Build.0 = Release|Any CPU
		{B4573D67-BD42-444E-B903-3BD282A72B83}.Debug|Any CPU.ActiveCfg = Debug|Any CPU
		{B4573D67-BD42-444E-B903-3BD282A72B83}.Debug|Any CPU.Build.0 = Debug|Any CPU
		{B4573D67-BD42-444E-B903-3BD282A72B83}.Release|Any CPU.ActiveCfg = Release|Any CPU
		{B4573D67-BD42-444E-B903-3BD282A72B83}.Release|Any CPU.Build.0 = Release|Any CPU
		{4080D894-9BEC-4D23-B3C4-F002BFD0F746}.Debug|Any CPU.ActiveCfg = Debug|Any CPU
		{4080D894-9BEC-4D23-B3C4-F002BFD0F746}.Debug|Any CPU.Build.0 = Debug|Any CPU
		{4080D894-9BEC-4D23-B3C4-F002BFD0F746}.Release|Any CPU.ActiveCfg = Release|Any CPU
		{4080D894-9BEC-4D23-B3C4-F002BFD0F746}.Release|Any CPU.Build.0 = Release|Any CPU
	EndGlobalSection
	GlobalSection(SolutionProperties) = preSolution
		HideSolutionNode = FALSE
	EndGlobalSection
EndGlobal
