
Microsoft Visual Studio Solution File, Format Version 12.00
# Visual Studio 2013
VisualStudioVersion = 12.0.21005.1
MinimumVisualStudioVersion = 10.0.40219.1
Project("{FAE04EC0-301F-11D3-BF4B-00C04F79EFBC}") = "01.SquareRoot", "SquareRoot\01.SquareRoot.csproj", "{06128E8E-834C-4351-BE11-4BE087E99DA1}"
EndProject
Project("{FAE04EC0-301F-11D3-BF4B-00C04F79EFBC}") = "02.EnterNumbers", "EnterNumbers\02.EnterNumbers.csproj", "{0E3C6CBC-FEA4-40E7-9288-A93731886323}"
EndProject
Project("{FAE04EC0-301F-11D3-BF4B-00C04F79EFBC}") = "03.ReadFileContents", "ReadFileContents\03.ReadFileContents.csproj", "{C8FC9D14-D91B-422C-A0F0-0C644A031F3E}"
EndProject
Global
	GlobalSection(SolutionConfigurationPlatforms) = preSolution
		Debug|Any CPU = Debug|Any CPU
		Release|Any CPU = Release|Any CPU
	EndGlobalSection
	GlobalSection(ProjectConfigurationPlatforms) = postSolution
		{06128E8E-834C-4351-BE11-4BE087E99DA1}.Debug|Any CPU.ActiveCfg = Debug|Any CPU
		{06128E8E-834C-4351-BE11-4BE087E99DA1}.Debug|Any CPU.Build.0 = Debug|Any CPU
		{06128E8E-834C-4351-BE11-4BE087E99DA1}.Release|Any CPU.ActiveCfg = Release|Any CPU
		{06128E8E-834C-4351-BE11-4BE087E99DA1}.Release|Any CPU.Build.0 = Release|Any CPU
		{0E3C6CBC-FEA4-40E7-9288-A93731886323}.Debug|Any CPU.ActiveCfg = Debug|Any CPU
		{0E3C6CBC-FEA4-40E7-9288-A93731886323}.Debug|Any CPU.Build.0 = Debug|Any CPU
		{0E3C6CBC-FEA4-40E7-9288-A93731886323}.Release|Any CPU.ActiveCfg = Release|Any CPU
		{0E3C6CBC-FEA4-40E7-9288-A93731886323}.Release|Any CPU.Build.0 = Release|Any CPU
		{C8FC9D14-D91B-422C-A0F0-0C644A031F3E}.Debug|Any CPU.ActiveCfg = Debug|Any CPU
		{C8FC9D14-D91B-422C-A0F0-0C644A031F3E}.Debug|Any CPU.Build.0 = Debug|Any CPU
		{C8FC9D14-D91B-422C-A0F0-0C644A031F3E}.Release|Any CPU.ActiveCfg = Release|Any CPU
		{C8FC9D14-D91B-422C-A0F0-0C644A031F3E}.Release|Any CPU.Build.0 = Release|Any CPU
	EndGlobalSection
	GlobalSection(SolutionProperties) = preSolution
		HideSolutionNode = FALSE
	EndGlobalSection
EndGlobal
