
Microsoft Visual Studio Solution File, Format Version 12.00
# Visual Studio 2013
VisualStudioVersion = 12.0.21005.1
MinimumVisualStudioVersion = 10.0.40219.1
Project("{FAE04EC0-301F-11D3-BF4B-00C04F79EFBC}") = "01.SumOf3Numbers", "SumOf3Numbers\01.SumOf3Numbers.csproj", "{80C14E09-B9F5-4DB0-96AA-A9D2D92B7458}"
EndProject
Project("{FAE04EC0-301F-11D3-BF4B-00C04F79EFBC}") = "02.PrintCompanyInformation", "PrintCompanyInformation\02.PrintCompanyInformation.csproj", "{5FD6F20E-29BA-460C-90B7-9670DA9CCD35}"
EndProject
Project("{FAE04EC0-301F-11D3-BF4B-00C04F79EFBC}") = "03.CirclePerimeterAndArea", "CirclePerimeterAndArea\03.CirclePerimeterAndArea.csproj", "{F4413BBF-7C56-4E27-BF54-280875EFF1F4}"
EndProject
Project("{FAE04EC0-301F-11D3-BF4B-00C04F79EFBC}") = "04.NumberComparer", "NumberComparer\04.NumberComparer.csproj", "{AADE9A36-6491-4B01-A44E-9F0987286A77}"
EndProject
Project("{FAE04EC0-301F-11D3-BF4B-00C04F79EFBC}") = "05.FormattingNumbers", "FormattingNumbers\05.FormattingNumbers.csproj", "{136F7846-E1D3-4944-89AF-9A747BD848B7}"
EndProject
Project("{FAE04EC0-301F-11D3-BF4B-00C04F79EFBC}") = "06.QuadraticEquation", "QuadraticEquation\06.QuadraticEquation.csproj", "{FFBB51D9-34B4-4C06-B359-5BA1CA50B37A}"
EndProject
Project("{FAE04EC0-301F-11D3-BF4B-00C04F79EFBC}") = "07.SumOf5Numbers", "SumOf5Numbers\07.SumOf5Numbers.csproj", "{9891A399-845A-4FE7-B50B-679FCCACE6D4}"
EndProject
Project("{FAE04EC0-301F-11D3-BF4B-00C04F79EFBC}") = "08.NumbersFrom1ToN", "NumbersFrom1ToN\08.NumbersFrom1ToN.csproj", "{7C89EA27-6E91-4769-9336-420E92DF1F24}"
EndProject
Project("{FAE04EC0-301F-11D3-BF4B-00C04F79EFBC}") = "09.SumOfNNumbers", "SumOfNNumbers\09.SumOfNNumbers.csproj", "{18ABB8BE-65CA-452F-A831-76284D7E96F3}"
EndProject
Global
	GlobalSection(SolutionConfigurationPlatforms) = preSolution
		Debug|Any CPU = Debug|Any CPU
		Release|Any CPU = Release|Any CPU
	EndGlobalSection
	GlobalSection(ProjectConfigurationPlatforms) = postSolution
		{80C14E09-B9F5-4DB0-96AA-A9D2D92B7458}.Debug|Any CPU.ActiveCfg = Debug|Any CPU
		{80C14E09-B9F5-4DB0-96AA-A9D2D92B7458}.Debug|Any CPU.Build.0 = Debug|Any CPU
		{80C14E09-B9F5-4DB0-96AA-A9D2D92B7458}.Release|Any CPU.ActiveCfg = Release|Any CPU
		{80C14E09-B9F5-4DB0-96AA-A9D2D92B7458}.Release|Any CPU.Build.0 = Release|Any CPU
		{5FD6F20E-29BA-460C-90B7-9670DA9CCD35}.Debug|Any CPU.ActiveCfg = Debug|Any CPU
		{5FD6F20E-29BA-460C-90B7-9670DA9CCD35}.Debug|Any CPU.Build.0 = Debug|Any CPU
		{5FD6F20E-29BA-460C-90B7-9670DA9CCD35}.Release|Any CPU.ActiveCfg = Release|Any CPU
		{5FD6F20E-29BA-460C-90B7-9670DA9CCD35}.Release|Any CPU.Build.0 = Release|Any CPU
		{F4413BBF-7C56-4E27-BF54-280875EFF1F4}.Debug|Any CPU.ActiveCfg = Debug|Any CPU
		{F4413BBF-7C56-4E27-BF54-280875EFF1F4}.Debug|Any CPU.Build.0 = Debug|Any CPU
		{F4413BBF-7C56-4E27-BF54-280875EFF1F4}.Release|Any CPU.ActiveCfg = Release|Any CPU
		{F4413BBF-7C56-4E27-BF54-280875EFF1F4}.Release|Any CPU.Build.0 = Release|Any CPU
		{AADE9A36-6491-4B01-A44E-9F0987286A77}.Debug|Any CPU.ActiveCfg = Debug|Any CPU
		{AADE9A36-6491-4B01-A44E-9F0987286A77}.Debug|Any CPU.Build.0 = Debug|Any CPU
		{AADE9A36-6491-4B01-A44E-9F0987286A77}.Release|Any CPU.ActiveCfg = Release|Any CPU
		{AADE9A36-6491-4B01-A44E-9F0987286A77}.Release|Any CPU.Build.0 = Release|Any CPU
		{136F7846-E1D3-4944-89AF-9A747BD848B7}.Debug|Any CPU.ActiveCfg = Debug|Any CPU
		{136F7846-E1D3-4944-89AF-9A747BD848B7}.Debug|Any CPU.Build.0 = Debug|Any CPU
		{136F7846-E1D3-4944-89AF-9A747BD848B7}.Release|Any CPU.ActiveCfg = Release|Any CPU
		{136F7846-E1D3-4944-89AF-9A747BD848B7}.Release|Any CPU.Build.0 = Release|Any CPU
		{FFBB51D9-34B4-4C06-B359-5BA1CA50B37A}.Debug|Any CPU.ActiveCfg = Debug|Any CPU
		{FFBB51D9-34B4-4C06-B359-5BA1CA50B37A}.Debug|Any CPU.Build.0 = Debug|Any CPU
		{FFBB51D9-34B4-4C06-B359-5BA1CA50B37A}.Release|Any CPU.ActiveCfg = Release|Any CPU
		{FFBB51D9-34B4-4C06-B359-5BA1CA50B37A}.Release|Any CPU.Build.0 = Release|Any CPU
		{9891A399-845A-4FE7-B50B-679FCCACE6D4}.Debug|Any CPU.ActiveCfg = Debug|Any CPU
		{9891A399-845A-4FE7-B50B-679FCCACE6D4}.Debug|Any CPU.Build.0 = Debug|Any CPU
		{9891A399-845A-4FE7-B50B-679FCCACE6D4}.Release|Any CPU.ActiveCfg = Release|Any CPU
		{9891A399-845A-4FE7-B50B-679FCCACE6D4}.Release|Any CPU.Build.0 = Release|Any CPU
		{7C89EA27-6E91-4769-9336-420E92DF1F24}.Debug|Any CPU.ActiveCfg = Debug|Any CPU
		{7C89EA27-6E91-4769-9336-420E92DF1F24}.Debug|Any CPU.Build.0 = Debug|Any CPU
		{7C89EA27-6E91-4769-9336-420E92DF1F24}.Release|Any CPU.ActiveCfg = Release|Any CPU
		{7C89EA27-6E91-4769-9336-420E92DF1F24}.Release|Any CPU.Build.0 = Release|Any CPU
		{18ABB8BE-65CA-452F-A831-76284D7E96F3}.Debug|Any CPU.ActiveCfg = Debug|Any CPU
		{18ABB8BE-65CA-452F-A831-76284D7E96F3}.Debug|Any CPU.Build.0 = Debug|Any CPU
		{18ABB8BE-65CA-452F-A831-76284D7E96F3}.Release|Any CPU.ActiveCfg = Release|Any CPU
		{18ABB8BE-65CA-452F-A831-76284D7E96F3}.Release|Any CPU.Build.0 = Release|Any CPU
	EndGlobalSection
	GlobalSection(SolutionProperties) = preSolution
		HideSolutionNode = FALSE
	EndGlobalSection
EndGlobal
