
Microsoft Visual Studio Solution File, Format Version 12.00
# Visual Studio 2013
VisualStudioVersion = 12.0.21005.1
MinimumVisualStudioVersion = 10.0.40219.1
Project("{FAE04EC0-301F-11D3-BF4B-00C04F79EFBC}") = "01-02.ExtensionMethods", "ExtensionMethods\01-02.ExtensionMethods.csproj", "{CB6801F5-F91D-491B-9A57-2D9AC73E3F4F}"
EndProject
Project("{FAE04EC0-301F-11D3-BF4B-00C04F79EFBC}") = "03-05.StudentsTask", "StudentsTask\03-05.StudentsTask.csproj", "{F0BB580D-B241-4809-B212-88C6A7BE7A74}"
EndProject
Project("{FAE04EC0-301F-11D3-BF4B-00C04F79EFBC}") = "06.DivisibleBy7And3", "DivisibleBy7And3\06.DivisibleBy7And3.csproj", "{627BB6F7-D9C2-4567-91E0-DE1C71C3472A}"
EndProject
Project("{FAE04EC0-301F-11D3-BF4B-00C04F79EFBC}") = "07.Timer", "Timer\07.Timer.csproj", "{BB9483AE-745F-4E6A-A611-1CF1F65BDB38}"
EndProject
Project("{FAE04EC0-301F-11D3-BF4B-00C04F79EFBC}") = "08.Events", "Events\08.Events.csproj", "{5FA58993-55CE-4EDC-B4F9-092BF90B6D73}"
EndProject
Project("{FAE04EC0-301F-11D3-BF4B-00C04F79EFBC}") = "09-16.StudentGroups", "StudentGroups\09-16.StudentGroups.csproj", "{68673BDF-3A74-4573-8952-DCFE3FF58E7E}"
EndProject
Global
	GlobalSection(SolutionConfigurationPlatforms) = preSolution
		Debug|Any CPU = Debug|Any CPU
		Release|Any CPU = Release|Any CPU
	EndGlobalSection
	GlobalSection(ProjectConfigurationPlatforms) = postSolution
		{CB6801F5-F91D-491B-9A57-2D9AC73E3F4F}.Debug|Any CPU.ActiveCfg = Debug|Any CPU
		{CB6801F5-F91D-491B-9A57-2D9AC73E3F4F}.Debug|Any CPU.Build.0 = Debug|Any CPU
		{CB6801F5-F91D-491B-9A57-2D9AC73E3F4F}.Release|Any CPU.ActiveCfg = Release|Any CPU
		{CB6801F5-F91D-491B-9A57-2D9AC73E3F4F}.Release|Any CPU.Build.0 = Release|Any CPU
		{F0BB580D-B241-4809-B212-88C6A7BE7A74}.Debug|Any CPU.ActiveCfg = Debug|Any CPU
		{F0BB580D-B241-4809-B212-88C6A7BE7A74}.Debug|Any CPU.Build.0 = Debug|Any CPU
		{F0BB580D-B241-4809-B212-88C6A7BE7A74}.Release|Any CPU.ActiveCfg = Release|Any CPU
		{F0BB580D-B241-4809-B212-88C6A7BE7A74}.Release|Any CPU.Build.0 = Release|Any CPU
		{627BB6F7-D9C2-4567-91E0-DE1C71C3472A}.Debug|Any CPU.ActiveCfg = Debug|Any CPU
		{627BB6F7-D9C2-4567-91E0-DE1C71C3472A}.Debug|Any CPU.Build.0 = Debug|Any CPU
		{627BB6F7-D9C2-4567-91E0-DE1C71C3472A}.Release|Any CPU.ActiveCfg = Release|Any CPU
		{627BB6F7-D9C2-4567-91E0-DE1C71C3472A}.Release|Any CPU.Build.0 = Release|Any CPU
		{BB9483AE-745F-4E6A-A611-1CF1F65BDB38}.Debug|Any CPU.ActiveCfg = Debug|Any CPU
		{BB9483AE-745F-4E6A-A611-1CF1F65BDB38}.Debug|Any CPU.Build.0 = Debug|Any CPU
		{BB9483AE-745F-4E6A-A611-1CF1F65BDB38}.Release|Any CPU.ActiveCfg = Release|Any CPU
		{BB9483AE-745F-4E6A-A611-1CF1F65BDB38}.Release|Any CPU.Build.0 = Release|Any CPU
		{5FA58993-55CE-4EDC-B4F9-092BF90B6D73}.Debug|Any CPU.ActiveCfg = Debug|Any CPU
		{5FA58993-55CE-4EDC-B4F9-092BF90B6D73}.Debug|Any CPU.Build.0 = Debug|Any CPU
		{5FA58993-55CE-4EDC-B4F9-092BF90B6D73}.Release|Any CPU.ActiveCfg = Release|Any CPU
		{5FA58993-55CE-4EDC-B4F9-092BF90B6D73}.Release|Any CPU.Build.0 = Release|Any CPU
		{68673BDF-3A74-4573-8952-DCFE3FF58E7E}.Debug|Any CPU.ActiveCfg = Debug|Any CPU
		{68673BDF-3A74-4573-8952-DCFE3FF58E7E}.Debug|Any CPU.Build.0 = Debug|Any CPU
		{68673BDF-3A74-4573-8952-DCFE3FF58E7E}.Release|Any CPU.ActiveCfg = Release|Any CPU
		{68673BDF-3A74-4573-8952-DCFE3FF58E7E}.Release|Any CPU.Build.0 = Release|Any CPU
	EndGlobalSection
	GlobalSection(SolutionProperties) = preSolution
		HideSolutionNode = FALSE
	EndGlobalSection
EndGlobal
