
Microsoft Visual Studio Solution File, Format Version 12.00
# Visual Studio 2013
VisualStudioVersion = 12.0.21005.1
MinimumVisualStudioVersion = 10.0.40219.1
Project("{FAE04EC0-301F-11D3-BF4B-00C04F79EFBC}") = "CommandPattern", "CommandPattern\CommandPattern.csproj", "{26CE6A71-90D2-49BD-8F13-6447BF1F29E2}"
EndProject
Project("{FAE04EC0-301F-11D3-BF4B-00C04F79EFBC}") = "TemplateMethodPattern", "TemplateMethodPattern\TemplateMethodPattern.csproj", "{B383CC18-D97A-4DA3-8452-0BC85D8055EF}"
EndProject
Project("{FAE04EC0-301F-11D3-BF4B-00C04F79EFBC}") = "ObserverPattern", "ObserverPattern\ObserverPattern.csproj", "{27F6E8AD-762A-4AC8-B06A-272698768F37}"
EndProject
Project("{FAE04EC0-301F-11D3-BF4B-00C04F79EFBC}") = "StrategyPattern", "StrategyPattern\StrategyPattern.csproj", "{2F3E6D82-B681-4824-97BA-1AC440F05593}"
EndProject
Global
	GlobalSection(SolutionConfigurationPlatforms) = preSolution
		Debug|Any CPU = Debug|Any CPU
		Release|Any CPU = Release|Any CPU
	EndGlobalSection
	GlobalSection(ProjectConfigurationPlatforms) = postSolution
		{26CE6A71-90D2-49BD-8F13-6447BF1F29E2}.Debug|Any CPU.ActiveCfg = Debug|Any CPU
		{26CE6A71-90D2-49BD-8F13-6447BF1F29E2}.Debug|Any CPU.Build.0 = Debug|Any CPU
		{26CE6A71-90D2-49BD-8F13-6447BF1F29E2}.Release|Any CPU.ActiveCfg = Release|Any CPU
		{26CE6A71-90D2-49BD-8F13-6447BF1F29E2}.Release|Any CPU.Build.0 = Release|Any CPU
		{B383CC18-D97A-4DA3-8452-0BC85D8055EF}.Debug|Any CPU.ActiveCfg = Debug|Any CPU
		{B383CC18-D97A-4DA3-8452-0BC85D8055EF}.Debug|Any CPU.Build.0 = Debug|Any CPU
		{B383CC18-D97A-4DA3-8452-0BC85D8055EF}.Release|Any CPU.ActiveCfg = Release|Any CPU
		{B383CC18-D97A-4DA3-8452-0BC85D8055EF}.Release|Any CPU.Build.0 = Release|Any CPU
		{27F6E8AD-762A-4AC8-B06A-272698768F37}.Debug|Any CPU.ActiveCfg = Debug|Any CPU
		{27F6E8AD-762A-4AC8-B06A-272698768F37}.Debug|Any CPU.Build.0 = Debug|Any CPU
		{27F6E8AD-762A-4AC8-B06A-272698768F37}.Release|Any CPU.ActiveCfg = Release|Any CPU
		{27F6E8AD-762A-4AC8-B06A-272698768F37}.Release|Any CPU.Build.0 = Release|Any CPU
		{2F3E6D82-B681-4824-97BA-1AC440F05593}.Debug|Any CPU.ActiveCfg = Debug|Any CPU
		{2F3E6D82-B681-4824-97BA-1AC440F05593}.Debug|Any CPU.Build.0 = Debug|Any CPU
		{2F3E6D82-B681-4824-97BA-1AC440F05593}.Release|Any CPU.ActiveCfg = Release|Any CPU
		{2F3E6D82-B681-4824-97BA-1AC440F05593}.Release|Any CPU.Build.0 = Release|Any CPU
	EndGlobalSection
	GlobalSection(SolutionProperties) = preSolution
		HideSolutionNode = FALSE
	EndGlobalSection
EndGlobal
