
Microsoft Visual Studio Solution File, Format Version 12.00
# Visual Studio 2013
VisualStudioVersion = 12.0.21005.1
MinimumVisualStudioVersion = 10.0.40219.1
Project("{FAE04EC0-301F-11D3-BF4B-00C04F79EFBC}") = "01.DecimalToBinary", "DecimalToBinary\01.DecimalToBinary.csproj", "{0218EC67-5E10-4CCB-B2F5-456F38D3993E}"
EndProject
Project("{FAE04EC0-301F-11D3-BF4B-00C04F79EFBC}") = "02.BinaryToDecimal", "BinaryToDecimal\02.BinaryToDecimal.csproj", "{9D354FF0-4C0E-457A-885F-3743C640EEA8}"
EndProject
Project("{FAE04EC0-301F-11D3-BF4B-00C04F79EFBC}") = "03.DecimalToHexadecimal", "DecimalToHexadecimal\03.DecimalToHexadecimal.csproj", "{E386F1C4-1025-4604-8303-F78B68040989}"
EndProject
Project("{FAE04EC0-301F-11D3-BF4B-00C04F79EFBC}") = "04.HexadecimalToDecimal", "HexadecimalToDecimal\04.HexadecimalToDecimal.csproj", "{25339260-5EA6-44AE-9121-4F1EDCA22F06}"
EndProject
Project("{FAE04EC0-301F-11D3-BF4B-00C04F79EFBC}") = "05.HexadecimalTobinary", "HexadecimalTobinary\05.HexadecimalTobinary.csproj", "{361403BA-7245-4AD3-A13D-ED2294F09A29}"
EndProject
Project("{FAE04EC0-301F-11D3-BF4B-00C04F79EFBC}") = "06.BinaryToHexadecimal", "BinaryToHexadecimal\06.BinaryToHexadecimal.csproj", "{84967E91-C7DD-44CC-AD6E-3DA64C4B3EB1}"
EndProject
Project("{FAE04EC0-301F-11D3-BF4B-00C04F79EFBC}") = "07.OneSystemToAnyOther", "OneSystemToAnyOther\07.OneSystemToAnyOther.csproj", "{D3A98AAF-5D56-4900-B6FF-1AD9922A4E2E}"
EndProject
Project("{FAE04EC0-301F-11D3-BF4B-00C04F79EFBC}") = "08.BinaryShort", "BinaryShort\08.BinaryShort.csproj", "{8EBD3AAB-6964-46B0-964B-0C32C80F97F7}"
EndProject
Global
	GlobalSection(SolutionConfigurationPlatforms) = preSolution
		Debug|Any CPU = Debug|Any CPU
		Release|Any CPU = Release|Any CPU
	EndGlobalSection
	GlobalSection(ProjectConfigurationPlatforms) = postSolution
		{0218EC67-5E10-4CCB-B2F5-456F38D3993E}.Debug|Any CPU.ActiveCfg = Debug|Any CPU
		{0218EC67-5E10-4CCB-B2F5-456F38D3993E}.Debug|Any CPU.Build.0 = Debug|Any CPU
		{0218EC67-5E10-4CCB-B2F5-456F38D3993E}.Release|Any CPU.ActiveCfg = Release|Any CPU
		{0218EC67-5E10-4CCB-B2F5-456F38D3993E}.Release|Any CPU.Build.0 = Release|Any CPU
		{9D354FF0-4C0E-457A-885F-3743C640EEA8}.Debug|Any CPU.ActiveCfg = Debug|Any CPU
		{9D354FF0-4C0E-457A-885F-3743C640EEA8}.Debug|Any CPU.Build.0 = Debug|Any CPU
		{9D354FF0-4C0E-457A-885F-3743C640EEA8}.Release|Any CPU.ActiveCfg = Release|Any CPU
		{9D354FF0-4C0E-457A-885F-3743C640EEA8}.Release|Any CPU.Build.0 = Release|Any CPU
		{E386F1C4-1025-4604-8303-F78B68040989}.Debug|Any CPU.ActiveCfg = Debug|Any CPU
		{E386F1C4-1025-4604-8303-F78B68040989}.Debug|Any CPU.Build.0 = Debug|Any CPU
		{E386F1C4-1025-4604-8303-F78B68040989}.Release|Any CPU.ActiveCfg = Release|Any CPU
		{E386F1C4-1025-4604-8303-F78B68040989}.Release|Any CPU.Build.0 = Release|Any CPU
		{25339260-5EA6-44AE-9121-4F1EDCA22F06}.Debug|Any CPU.ActiveCfg = Debug|Any CPU
		{25339260-5EA6-44AE-9121-4F1EDCA22F06}.Debug|Any CPU.Build.0 = Debug|Any CPU
		{25339260-5EA6-44AE-9121-4F1EDCA22F06}.Release|Any CPU.ActiveCfg = Release|Any CPU
		{25339260-5EA6-44AE-9121-4F1EDCA22F06}.Release|Any CPU.Build.0 = Release|Any CPU
		{361403BA-7245-4AD3-A13D-ED2294F09A29}.Debug|Any CPU.ActiveCfg = Debug|Any CPU
		{361403BA-7245-4AD3-A13D-ED2294F09A29}.Debug|Any CPU.Build.0 = Debug|Any CPU
		{361403BA-7245-4AD3-A13D-ED2294F09A29}.Release|Any CPU.ActiveCfg = Release|Any CPU
		{361403BA-7245-4AD3-A13D-ED2294F09A29}.Release|Any CPU.Build.0 = Release|Any CPU
		{84967E91-C7DD-44CC-AD6E-3DA64C4B3EB1}.Debug|Any CPU.ActiveCfg = Debug|Any CPU
		{84967E91-C7DD-44CC-AD6E-3DA64C4B3EB1}.Debug|Any CPU.Build.0 = Debug|Any CPU
		{84967E91-C7DD-44CC-AD6E-3DA64C4B3EB1}.Release|Any CPU.ActiveCfg = Release|Any CPU
		{84967E91-C7DD-44CC-AD6E-3DA64C4B3EB1}.Release|Any CPU.Build.0 = Release|Any CPU
		{D3A98AAF-5D56-4900-B6FF-1AD9922A4E2E}.Debug|Any CPU.ActiveCfg = Debug|Any CPU
		{D3A98AAF-5D56-4900-B6FF-1AD9922A4E2E}.Debug|Any CPU.Build.0 = Debug|Any CPU
		{D3A98AAF-5D56-4900-B6FF-1AD9922A4E2E}.Release|Any CPU.ActiveCfg = Release|Any CPU
		{D3A98AAF-5D56-4900-B6FF-1AD9922A4E2E}.Release|Any CPU.Build.0 = Release|Any CPU
		{8EBD3AAB-6964-46B0-964B-0C32C80F97F7}.Debug|Any CPU.ActiveCfg = Debug|Any CPU
		{8EBD3AAB-6964-46B0-964B-0C32C80F97F7}.Debug|Any CPU.Build.0 = Debug|Any CPU
		{8EBD3AAB-6964-46B0-964B-0C32C80F97F7}.Release|Any CPU.ActiveCfg = Release|Any CPU
		{8EBD3AAB-6964-46B0-964B-0C32C80F97F7}.Release|Any CPU.Build.0 = Release|Any CPU
	EndGlobalSection
	GlobalSection(SolutionProperties) = preSolution
		HideSolutionNode = FALSE
	EndGlobalSection
EndGlobal
