
Microsoft Visual Studio Solution File, Format Version 12.00
# Visual Studio 2013
VisualStudioVersion = 12.0.21005.1
MinimumVisualStudioVersion = 10.0.40219.1
Project("{FAE04EC0-301F-11D3-BF4B-00C04F79EFBC}") = "02.ReverseString", "ReverseString\02.ReverseString.csproj", "{5ED0D72A-23A6-4AD8-A31E-AB24180598FC}"
EndProject
Project("{FAE04EC0-301F-11D3-BF4B-00C04F79EFBC}") = "03.CorrectBrackets", "CorrectBrackets\03.CorrectBrackets.csproj", "{77A42297-8ED8-4332-87FE-781515664454}"
EndProject
Project("{FAE04EC0-301F-11D3-BF4B-00C04F79EFBC}") = "04.SubStringInText", "SubStringInText\04.SubStringInText.csproj", "{ED42F087-9D78-4606-813C-8BE5AAC74E6E}"
EndProject
Project("{FAE04EC0-301F-11D3-BF4B-00C04F79EFBC}") = "05.ParseTags", "ParseTags\05.ParseTags.csproj", "{793F7AA9-CD4D-46C9-AF36-4C9841C9FCD0}"
EndProject
Project("{FAE04EC0-301F-11D3-BF4B-00C04F79EFBC}") = "06.StringLength", "StringLength\06.StringLength.csproj", "{3F853378-D935-4915-834D-6D4CE520A26A}"
EndProject
Project("{FAE04EC0-301F-11D3-BF4B-00C04F79EFBC}") = "07.EncodeDecode", "EncodeDecode\07.EncodeDecode.csproj", "{153D04EA-5CCD-48CE-A699-F70D2680E7D4}"
EndProject
Project("{FAE04EC0-301F-11D3-BF4B-00C04F79EFBC}") = "08.ExtractSentences", "ExtractSentences\08.ExtractSentences.csproj", "{0EF3F5FC-6A2C-42A7-954E-C1FFC7AA6A3A}"
EndProject
Project("{FAE04EC0-301F-11D3-BF4B-00C04F79EFBC}") = "09.ForbiddenWords", "ForbiddenWords\09.ForbiddenWords.csproj", "{F4C52FF0-8427-4453-AEB0-46DB1F7B73BB}"
EndProject
Project("{FAE04EC0-301F-11D3-BF4B-00C04F79EFBC}") = "10.UnicodeCharacters", "UnicodeCharacters\10.UnicodeCharacters.csproj", "{3F565DCD-425F-467D-98B7-BB1BA8EDF3F1}"
EndProject
Project("{FAE04EC0-301F-11D3-BF4B-00C04F79EFBC}") = "11.FormatNumber", "FormatNumber\11.FormatNumber.csproj", "{51C05A92-9D13-44B7-9574-CE84E390AB57}"
EndProject
Global
	GlobalSection(SolutionConfigurationPlatforms) = preSolution
		Debug|Any CPU = Debug|Any CPU
		Release|Any CPU = Release|Any CPU
	EndGlobalSection
	GlobalSection(ProjectConfigurationPlatforms) = postSolution
		{5ED0D72A-23A6-4AD8-A31E-AB24180598FC}.Debug|Any CPU.ActiveCfg = Debug|Any CPU
		{5ED0D72A-23A6-4AD8-A31E-AB24180598FC}.Debug|Any CPU.Build.0 = Debug|Any CPU
		{5ED0D72A-23A6-4AD8-A31E-AB24180598FC}.Release|Any CPU.ActiveCfg = Release|Any CPU
		{5ED0D72A-23A6-4AD8-A31E-AB24180598FC}.Release|Any CPU.Build.0 = Release|Any CPU
		{77A42297-8ED8-4332-87FE-781515664454}.Debug|Any CPU.ActiveCfg = Debug|Any CPU
		{77A42297-8ED8-4332-87FE-781515664454}.Debug|Any CPU.Build.0 = Debug|Any CPU
		{77A42297-8ED8-4332-87FE-781515664454}.Release|Any CPU.ActiveCfg = Release|Any CPU
		{77A42297-8ED8-4332-87FE-781515664454}.Release|Any CPU.Build.0 = Release|Any CPU
		{ED42F087-9D78-4606-813C-8BE5AAC74E6E}.Debug|Any CPU.ActiveCfg = Debug|Any CPU
		{ED42F087-9D78-4606-813C-8BE5AAC74E6E}.Debug|Any CPU.Build.0 = Debug|Any CPU
		{ED42F087-9D78-4606-813C-8BE5AAC74E6E}.Release|Any CPU.ActiveCfg = Release|Any CPU
		{ED42F087-9D78-4606-813C-8BE5AAC74E6E}.Release|Any CPU.Build.0 = Release|Any CPU
		{793F7AA9-CD4D-46C9-AF36-4C9841C9FCD0}.Debug|Any CPU.ActiveCfg = Debug|Any CPU
		{793F7AA9-CD4D-46C9-AF36-4C9841C9FCD0}.Debug|Any CPU.Build.0 = Debug|Any CPU
		{793F7AA9-CD4D-46C9-AF36-4C9841C9FCD0}.Release|Any CPU.ActiveCfg = Release|Any CPU
		{793F7AA9-CD4D-46C9-AF36-4C9841C9FCD0}.Release|Any CPU.Build.0 = Release|Any CPU
		{3F853378-D935-4915-834D-6D4CE520A26A}.Debug|Any CPU.ActiveCfg = Debug|Any CPU
		{3F853378-D935-4915-834D-6D4CE520A26A}.Debug|Any CPU.Build.0 = Debug|Any CPU
		{3F853378-D935-4915-834D-6D4CE520A26A}.Release|Any CPU.ActiveCfg = Release|Any CPU
		{3F853378-D935-4915-834D-6D4CE520A26A}.Release|Any CPU.Build.0 = Release|Any CPU
		{153D04EA-5CCD-48CE-A699-F70D2680E7D4}.Debug|Any CPU.ActiveCfg = Debug|Any CPU
		{153D04EA-5CCD-48CE-A699-F70D2680E7D4}.Debug|Any CPU.Build.0 = Debug|Any CPU
		{153D04EA-5CCD-48CE-A699-F70D2680E7D4}.Release|Any CPU.ActiveCfg = Release|Any CPU
		{153D04EA-5CCD-48CE-A699-F70D2680E7D4}.Release|Any CPU.Build.0 = Release|Any CPU
		{0EF3F5FC-6A2C-42A7-954E-C1FFC7AA6A3A}.Debug|Any CPU.ActiveCfg = Debug|Any CPU
		{0EF3F5FC-6A2C-42A7-954E-C1FFC7AA6A3A}.Debug|Any CPU.Build.0 = Debug|Any CPU
		{0EF3F5FC-6A2C-42A7-954E-C1FFC7AA6A3A}.Release|Any CPU.ActiveCfg = Release|Any CPU
		{0EF3F5FC-6A2C-42A7-954E-C1FFC7AA6A3A}.Release|Any CPU.Build.0 = Release|Any CPU
		{F4C52FF0-8427-4453-AEB0-46DB1F7B73BB}.Debug|Any CPU.ActiveCfg = Debug|Any CPU
		{F4C52FF0-8427-4453-AEB0-46DB1F7B73BB}.Debug|Any CPU.Build.0 = Debug|Any CPU
		{F4C52FF0-8427-4453-AEB0-46DB1F7B73BB}.Release|Any CPU.ActiveCfg = Release|Any CPU
		{F4C52FF0-8427-4453-AEB0-46DB1F7B73BB}.Release|Any CPU.Build.0 = Release|Any CPU
		{3F565DCD-425F-467D-98B7-BB1BA8EDF3F1}.Debug|Any CPU.ActiveCfg = Debug|Any CPU
		{3F565DCD-425F-467D-98B7-BB1BA8EDF3F1}.Debug|Any CPU.Build.0 = Debug|Any CPU
		{3F565DCD-425F-467D-98B7-BB1BA8EDF3F1}.Release|Any CPU.ActiveCfg = Release|Any CPU
		{3F565DCD-425F-467D-98B7-BB1BA8EDF3F1}.Release|Any CPU.Build.0 = Release|Any CPU
		{51C05A92-9D13-44B7-9574-CE84E390AB57}.Debug|Any CPU.ActiveCfg = Debug|Any CPU
		{51C05A92-9D13-44B7-9574-CE84E390AB57}.Debug|Any CPU.Build.0 = Debug|Any CPU
		{51C05A92-9D13-44B7-9574-CE84E390AB57}.Release|Any CPU.ActiveCfg = Release|Any CPU
		{51C05A92-9D13-44B7-9574-CE84E390AB57}.Release|Any CPU.Build.0 = Release|Any CPU
	EndGlobalSection
	GlobalSection(SolutionProperties) = preSolution
		HideSolutionNode = FALSE
	EndGlobalSection
EndGlobal
