
Microsoft Visual Studio Solution File, Format Version 12.00
# Visual Studio 2013
VisualStudioVersion = 12.0.21005.1
MinimumVisualStudioVersion = 10.0.40219.1
Project("{FAE04EC0-301F-11D3-BF4B-00C04F79EFBC}") = "AbstractFactoryPattern", "AbstractFactoryPattern\AbstractFactoryPattern.csproj", "{E074E595-D81D-4394-BD73-230D6B874690}"
EndProject
Project("{FAE04EC0-301F-11D3-BF4B-00C04F79EFBC}") = "PrototypePattern", "PrototypePattern\PrototypePattern.csproj", "{F1D9DE03-CB38-4945-856E-B41D5C77A9ED}"
EndProject
Project("{FAE04EC0-301F-11D3-BF4B-00C04F79EFBC}") = "ObjectPoolPattern", "ObjectPoolPattern\ObjectPoolPattern.csproj", "{73CC84FF-B345-49C3-B8DE-C038A2DE2ED1}"
EndProject
Global
	GlobalSection(SolutionConfigurationPlatforms) = preSolution
		Debug|Any CPU = Debug|Any CPU
		Release|Any CPU = Release|Any CPU
	EndGlobalSection
	GlobalSection(ProjectConfigurationPlatforms) = postSolution
		{E074E595-D81D-4394-BD73-230D6B874690}.Debug|Any CPU.ActiveCfg = Debug|Any CPU
		{E074E595-D81D-4394-BD73-230D6B874690}.Debug|Any CPU.Build.0 = Debug|Any CPU
		{E074E595-D81D-4394-BD73-230D6B874690}.Release|Any CPU.ActiveCfg = Release|Any CPU
		{E074E595-D81D-4394-BD73-230D6B874690}.Release|Any CPU.Build.0 = Release|Any CPU
		{F1D9DE03-CB38-4945-856E-B41D5C77A9ED}.Debug|Any CPU.ActiveCfg = Debug|Any CPU
		{F1D9DE03-CB38-4945-856E-B41D5C77A9ED}.Debug|Any CPU.Build.0 = Debug|Any CPU
		{F1D9DE03-CB38-4945-856E-B41D5C77A9ED}.Release|Any CPU.ActiveCfg = Release|Any CPU
		{F1D9DE03-CB38-4945-856E-B41D5C77A9ED}.Release|Any CPU.Build.0 = Release|Any CPU
		{73CC84FF-B345-49C3-B8DE-C038A2DE2ED1}.Debug|Any CPU.ActiveCfg = Debug|Any CPU
		{73CC84FF-B345-49C3-B8DE-C038A2DE2ED1}.Debug|Any CPU.Build.0 = Debug|Any CPU
		{73CC84FF-B345-49C3-B8DE-C038A2DE2ED1}.Release|Any CPU.ActiveCfg = Release|Any CPU
		{73CC84FF-B345-49C3-B8DE-C038A2DE2ED1}.Release|Any CPU.Build.0 = Release|Any CPU
	EndGlobalSection
	GlobalSection(SolutionProperties) = preSolution
		HideSolutionNode = FALSE
	EndGlobalSection
EndGlobal
