
Microsoft Visual Studio Solution File, Format Version 12.00
# Visual Studio 2013
VisualStudioVersion = 12.0.21005.1
MinimumVisualStudioVersion = 10.0.40219.1
Project("{FAE04EC0-301F-11D3-BF4B-00C04F79EFBC}") = "01.AllocateArray", "AllocateArray\01.AllocateArray.csproj", "{706960B5-02B4-45A8-9EAB-F8DAE8CF2A87}"
EndProject
Project("{FAE04EC0-301F-11D3-BF4B-00C04F79EFBC}") = "02.CompareArrays", "CompareArrays\02.CompareArrays.csproj", "{B9C7BD21-768D-4892-9A23-B8A2E539002A}"
EndProject
Project("{FAE04EC0-301F-11D3-BF4B-00C04F79EFBC}") = "03.CompareCharArrays", "CompareCharArrays\03.CompareCharArrays.csproj", "{0D34B517-997C-405B-B65A-0CC870E9DC14}"
EndProject
Project("{FAE04EC0-301F-11D3-BF4B-00C04F79EFBC}") = "04.MaximalSequence", "MaximalSequence\04.MaximalSequence.csproj", "{C689051E-C2DF-4C88-8D27-B6B053BE38C9}"
EndProject
Project("{FAE04EC0-301F-11D3-BF4B-00C04F79EFBC}") = "05.MaximalIncreasingSequence", "MaximalIncreasingSequence\05.MaximalIncreasingSequence.csproj", "{C6239593-7CF4-4C05-BAE2-1DE53F1323D8}"
EndProject
Project("{FAE04EC0-301F-11D3-BF4B-00C04F79EFBC}") = "06.MaximalKSum", "MaximalKSum\06.MaximalKSum.csproj", "{5FCB081F-CAE6-4C0A-81B6-4B87A058C23F}"
EndProject
Project("{FAE04EC0-301F-11D3-BF4B-00C04F79EFBC}") = "07.SelectionSort", "SelectionSort\07.SelectionSort.csproj", "{781821C9-BADB-499C-83BA-8A327B8F775F}"
EndProject
Project("{FAE04EC0-301F-11D3-BF4B-00C04F79EFBC}") = "08.MaximalSum", "MaximalSum\08.MaximalSum.csproj", "{26358440-63BC-467F-AD6F-2BCAF7ED5592}"
EndProject
Project("{FAE04EC0-301F-11D3-BF4B-00C04F79EFBC}") = "09.FrequentNumber", "FrequentNumber\09.FrequentNumber.csproj", "{295D7A49-361A-4FF6-80F5-77173ADA4132}"
EndProject
Project("{FAE04EC0-301F-11D3-BF4B-00C04F79EFBC}") = "10.FindSumInArray", "FindSumInArray\10.FindSumInArray.csproj", "{64F9E1B8-FDC3-4399-8BD9-7892BEFF6D43}"
EndProject
Global
	GlobalSection(SolutionConfigurationPlatforms) = preSolution
		Debug|Any CPU = Debug|Any CPU
		Release|Any CPU = Release|Any CPU
	EndGlobalSection
	GlobalSection(ProjectConfigurationPlatforms) = postSolution
		{706960B5-02B4-45A8-9EAB-F8DAE8CF2A87}.Debug|Any CPU.ActiveCfg = Debug|Any CPU
		{706960B5-02B4-45A8-9EAB-F8DAE8CF2A87}.Debug|Any CPU.Build.0 = Debug|Any CPU
		{706960B5-02B4-45A8-9EAB-F8DAE8CF2A87}.Release|Any CPU.ActiveCfg = Release|Any CPU
		{706960B5-02B4-45A8-9EAB-F8DAE8CF2A87}.Release|Any CPU.Build.0 = Release|Any CPU
		{B9C7BD21-768D-4892-9A23-B8A2E539002A}.Debug|Any CPU.ActiveCfg = Debug|Any CPU
		{B9C7BD21-768D-4892-9A23-B8A2E539002A}.Debug|Any CPU.Build.0 = Debug|Any CPU
		{B9C7BD21-768D-4892-9A23-B8A2E539002A}.Release|Any CPU.ActiveCfg = Release|Any CPU
		{B9C7BD21-768D-4892-9A23-B8A2E539002A}.Release|Any CPU.Build.0 = Release|Any CPU
		{0D34B517-997C-405B-B65A-0CC870E9DC14}.Debug|Any CPU.ActiveCfg = Debug|Any CPU
		{0D34B517-997C-405B-B65A-0CC870E9DC14}.Debug|Any CPU.Build.0 = Debug|Any CPU
		{0D34B517-997C-405B-B65A-0CC870E9DC14}.Release|Any CPU.ActiveCfg = Release|Any CPU
		{0D34B517-997C-405B-B65A-0CC870E9DC14}.Release|Any CPU.Build.0 = Release|Any CPU
		{C689051E-C2DF-4C88-8D27-B6B053BE38C9}.Debug|Any CPU.ActiveCfg = Debug|Any CPU
		{C689051E-C2DF-4C88-8D27-B6B053BE38C9}.Debug|Any CPU.Build.0 = Debug|Any CPU
		{C689051E-C2DF-4C88-8D27-B6B053BE38C9}.Release|Any CPU.ActiveCfg = Release|Any CPU
		{C689051E-C2DF-4C88-8D27-B6B053BE38C9}.Release|Any CPU.Build.0 = Release|Any CPU
		{C6239593-7CF4-4C05-BAE2-1DE53F1323D8}.Debug|Any CPU.ActiveCfg = Debug|Any CPU
		{C6239593-7CF4-4C05-BAE2-1DE53F1323D8}.Debug|Any CPU.Build.0 = Debug|Any CPU
		{C6239593-7CF4-4C05-BAE2-1DE53F1323D8}.Release|Any CPU.ActiveCfg = Release|Any CPU
		{C6239593-7CF4-4C05-BAE2-1DE53F1323D8}.Release|Any CPU.Build.0 = Release|Any CPU
		{5FCB081F-CAE6-4C0A-81B6-4B87A058C23F}.Debug|Any CPU.ActiveCfg = Debug|Any CPU
		{5FCB081F-CAE6-4C0A-81B6-4B87A058C23F}.Debug|Any CPU.Build.0 = Debug|Any CPU
		{5FCB081F-CAE6-4C0A-81B6-4B87A058C23F}.Release|Any CPU.ActiveCfg = Release|Any CPU
		{5FCB081F-CAE6-4C0A-81B6-4B87A058C23F}.Release|Any CPU.Build.0 = Release|Any CPU
		{781821C9-BADB-499C-83BA-8A327B8F775F}.Debug|Any CPU.ActiveCfg = Debug|Any CPU
		{781821C9-BADB-499C-83BA-8A327B8F775F}.Debug|Any CPU.Build.0 = Debug|Any CPU
		{781821C9-BADB-499C-83BA-8A327B8F775F}.Release|Any CPU.ActiveCfg = Release|Any CPU
		{781821C9-BADB-499C-83BA-8A327B8F775F}.Release|Any CPU.Build.0 = Release|Any CPU
		{26358440-63BC-467F-AD6F-2BCAF7ED5592}.Debug|Any CPU.ActiveCfg = Debug|Any CPU
		{26358440-63BC-467F-AD6F-2BCAF7ED5592}.Debug|Any CPU.Build.0 = Debug|Any CPU
		{26358440-63BC-467F-AD6F-2BCAF7ED5592}.Release|Any CPU.ActiveCfg = Release|Any CPU
		{26358440-63BC-467F-AD6F-2BCAF7ED5592}.Release|Any CPU.Build.0 = Release|Any CPU
		{295D7A49-361A-4FF6-80F5-77173ADA4132}.Debug|Any CPU.ActiveCfg = Debug|Any CPU
		{295D7A49-361A-4FF6-80F5-77173ADA4132}.Debug|Any CPU.Build.0 = Debug|Any CPU
		{295D7A49-361A-4FF6-80F5-77173ADA4132}.Release|Any CPU.ActiveCfg = Release|Any CPU
		{295D7A49-361A-4FF6-80F5-77173ADA4132}.Release|Any CPU.Build.0 = Release|Any CPU
		{64F9E1B8-FDC3-4399-8BD9-7892BEFF6D43}.Debug|Any CPU.ActiveCfg = Debug|Any CPU
		{64F9E1B8-FDC3-4399-8BD9-7892BEFF6D43}.Debug|Any CPU.Build.0 = Debug|Any CPU
		{64F9E1B8-FDC3-4399-8BD9-7892BEFF6D43}.Release|Any CPU.ActiveCfg = Release|Any CPU
		{64F9E1B8-FDC3-4399-8BD9-7892BEFF6D43}.Release|Any CPU.Build.0 = Release|Any CPU
	EndGlobalSection
	GlobalSection(SolutionProperties) = preSolution
		HideSolutionNode = FALSE
	EndGlobalSection
EndGlobal
