
Microsoft Visual Studio Solution File, Format Version 12.00
# Visual Studio 2013
VisualStudioVersion = 12.0.21005.1
MinimumVisualStudioVersion = 10.0.40219.1
Project("{FAE04EC0-301F-11D3-BF4B-00C04F79EFBC}") = "01.NumbersFrom1ToN", "NumbersFrom1ToN\01.NumbersFrom1ToN.csproj", "{6A699F84-9370-441C-A4E1-725838683129}"
EndProject
Project("{FAE04EC0-301F-11D3-BF4B-00C04F79EFBC}") = "02.NumbersNotDivisibleBy3And7", "NumbersNotDivisibleBy3And7\02.NumbersNotDivisibleBy3And7.csproj", "{D2E549D9-8BD0-40A2-BE29-C3E374B92D89}"
EndProject
Project("{FAE04EC0-301F-11D3-BF4B-00C04F79EFBC}") = "03.MinMaxSumAndAverageOfNNumbers", "MinMaxSumAndAverageOfNNumbers\03.MinMaxSumAndAverageOfNNumbers.csproj", "{B2FA5752-D44F-440A-9A55-FEB5FD82DB65}"
EndProject
Project("{FAE04EC0-301F-11D3-BF4B-00C04F79EFBC}") = "04.PrintADeckOf52Cards", "PrintADeckOf52Cards\04.PrintADeckOf52Cards.csproj", "{DA7CAC0E-9733-45C5-BE27-56F86202262D}"
EndProject
Project("{FAE04EC0-301F-11D3-BF4B-00C04F79EFBC}") = "05.CalculateExpression", "CalculateExpression\05.CalculateExpression.csproj", "{DAF8965F-C03B-45F8-8D4B-638A0D9AB2A1}"
EndProject
Project("{FAE04EC0-301F-11D3-BF4B-00C04F79EFBC}") = "06.CalculateNFactorialKFactorial", "CalculateNFactorialKFactorial\06.CalculateNFactorialKFactorial.csproj", "{AA453704-FCEA-4C87-A8B3-ADA2CE6EDAE8}"
EndProject
Project("{FAE04EC0-301F-11D3-BF4B-00C04F79EFBC}") = "07.CalculateFactorialExpression", "CalculateFactorialExpression\07.CalculateFactorialExpression.csproj", "{9517F059-50E4-48EA-8D16-32826356D515}"
EndProject
Project("{FAE04EC0-301F-11D3-BF4B-00C04F79EFBC}") = "08.CatalanNumbers", "CatalanNumbers\08.CatalanNumbers.csproj", "{7A97B3C7-05AB-4086-BC00-8A2E27AAE4C8}"
EndProject
Project("{FAE04EC0-301F-11D3-BF4B-00C04F79EFBC}") = "09.MatrixOfNumbers", "MatrixOfNumbers\09.MatrixOfNumbers.csproj", "{A23EB91B-55E8-4882-B101-EC49756A4A70}"
EndProject
Project("{FAE04EC0-301F-11D3-BF4B-00C04F79EFBC}") = "10.OddAndEvenProduct", "OddAndEvenProduct\10.OddAndEvenProduct.csproj", "{79D4D3D1-8799-46D5-838B-232D5DBA3955}"
EndProject
Project("{FAE04EC0-301F-11D3-BF4B-00C04F79EFBC}") = "11.RandomNumbersInGivenRange", "RandomNumbersInGivenRange\11.RandomNumbersInGivenRange.csproj", "{3550B551-4EAC-4448-9EC7-B38D723F6B8E}"
EndProject
Project("{FAE04EC0-301F-11D3-BF4B-00C04F79EFBC}") = "12.RandomizeTheNumbers1-N", "RandomizeTheNumbers1-N\12.RandomizeTheNumbers1-N.csproj", "{AA18A1AF-B6C7-4342-8B04-F681D4A05551}"
EndProject
Global
	GlobalSection(SolutionConfigurationPlatforms) = preSolution
		Debug|Any CPU = Debug|Any CPU
		Release|Any CPU = Release|Any CPU
	EndGlobalSection
	GlobalSection(ProjectConfigurationPlatforms) = postSolution
		{6A699F84-9370-441C-A4E1-725838683129}.Debug|Any CPU.ActiveCfg = Debug|Any CPU
		{6A699F84-9370-441C-A4E1-725838683129}.Debug|Any CPU.Build.0 = Debug|Any CPU
		{6A699F84-9370-441C-A4E1-725838683129}.Release|Any CPU.ActiveCfg = Release|Any CPU
		{6A699F84-9370-441C-A4E1-725838683129}.Release|Any CPU.Build.0 = Release|Any CPU
		{D2E549D9-8BD0-40A2-BE29-C3E374B92D89}.Debug|Any CPU.ActiveCfg = Debug|Any CPU
		{D2E549D9-8BD0-40A2-BE29-C3E374B92D89}.Debug|Any CPU.Build.0 = Debug|Any CPU
		{D2E549D9-8BD0-40A2-BE29-C3E374B92D89}.Release|Any CPU.ActiveCfg = Release|Any CPU
		{D2E549D9-8BD0-40A2-BE29-C3E374B92D89}.Release|Any CPU.Build.0 = Release|Any CPU
		{B2FA5752-D44F-440A-9A55-FEB5FD82DB65}.Debug|Any CPU.ActiveCfg = Debug|Any CPU
		{B2FA5752-D44F-440A-9A55-FEB5FD82DB65}.Debug|Any CPU.Build.0 = Debug|Any CPU
		{B2FA5752-D44F-440A-9A55-FEB5FD82DB65}.Release|Any CPU.ActiveCfg = Release|Any CPU
		{B2FA5752-D44F-440A-9A55-FEB5FD82DB65}.Release|Any CPU.Build.0 = Release|Any CPU
		{DA7CAC0E-9733-45C5-BE27-56F86202262D}.Debug|Any CPU.ActiveCfg = Debug|Any CPU
		{DA7CAC0E-9733-45C5-BE27-56F86202262D}.Debug|Any CPU.Build.0 = Debug|Any CPU
		{DA7CAC0E-9733-45C5-BE27-56F86202262D}.Release|Any CPU.ActiveCfg = Release|Any CPU
		{DA7CAC0E-9733-45C5-BE27-56F86202262D}.Release|Any CPU.Build.0 = Release|Any CPU
		{DAF8965F-C03B-45F8-8D4B-638A0D9AB2A1}.Debug|Any CPU.ActiveCfg = Debug|Any CPU
		{DAF8965F-C03B-45F8-8D4B-638A0D9AB2A1}.Debug|Any CPU.Build.0 = Debug|Any CPU
		{DAF8965F-C03B-45F8-8D4B-638A0D9AB2A1}.Release|Any CPU.ActiveCfg = Release|Any CPU
		{DAF8965F-C03B-45F8-8D4B-638A0D9AB2A1}.Release|Any CPU.Build.0 = Release|Any CPU
		{AA453704-FCEA-4C87-A8B3-ADA2CE6EDAE8}.Debug|Any CPU.ActiveCfg = Debug|Any CPU
		{AA453704-FCEA-4C87-A8B3-ADA2CE6EDAE8}.Debug|Any CPU.Build.0 = Debug|Any CPU
		{AA453704-FCEA-4C87-A8B3-ADA2CE6EDAE8}.Release|Any CPU.ActiveCfg = Release|Any CPU
		{AA453704-FCEA-4C87-A8B3-ADA2CE6EDAE8}.Release|Any CPU.Build.0 = Release|Any CPU
		{9517F059-50E4-48EA-8D16-32826356D515}.Debug|Any CPU.ActiveCfg = Debug|Any CPU
		{9517F059-50E4-48EA-8D16-32826356D515}.Debug|Any CPU.Build.0 = Debug|Any CPU
		{9517F059-50E4-48EA-8D16-32826356D515}.Release|Any CPU.ActiveCfg = Release|Any CPU
		{9517F059-50E4-48EA-8D16-32826356D515}.Release|Any CPU.Build.0 = Release|Any CPU
		{7A97B3C7-05AB-4086-BC00-8A2E27AAE4C8}.Debug|Any CPU.ActiveCfg = Debug|Any CPU
		{7A97B3C7-05AB-4086-BC00-8A2E27AAE4C8}.Debug|Any CPU.Build.0 = Debug|Any CPU
		{7A97B3C7-05AB-4086-BC00-8A2E27AAE4C8}.Release|Any CPU.ActiveCfg = Release|Any CPU
		{7A97B3C7-05AB-4086-BC00-8A2E27AAE4C8}.Release|Any CPU.Build.0 = Release|Any CPU
		{A23EB91B-55E8-4882-B101-EC49756A4A70}.Debug|Any CPU.ActiveCfg = Debug|Any CPU
		{A23EB91B-55E8-4882-B101-EC49756A4A70}.Debug|Any CPU.Build.0 = Debug|Any CPU
		{A23EB91B-55E8-4882-B101-EC49756A4A70}.Release|Any CPU.ActiveCfg = Release|Any CPU
		{A23EB91B-55E8-4882-B101-EC49756A4A70}.Release|Any CPU.Build.0 = Release|Any CPU
		{79D4D3D1-8799-46D5-838B-232D5DBA3955}.Debug|Any CPU.ActiveCfg = Debug|Any CPU
		{79D4D3D1-8799-46D5-838B-232D5DBA3955}.Debug|Any CPU.Build.0 = Debug|Any CPU
		{79D4D3D1-8799-46D5-838B-232D5DBA3955}.Release|Any CPU.ActiveCfg = Release|Any CPU
		{79D4D3D1-8799-46D5-838B-232D5DBA3955}.Release|Any CPU.Build.0 = Release|Any CPU
		{3550B551-4EAC-4448-9EC7-B38D723F6B8E}.Debug|Any CPU.ActiveCfg = Debug|Any CPU
		{3550B551-4EAC-4448-9EC7-B38D723F6B8E}.Debug|Any CPU.Build.0 = Debug|Any CPU
		{3550B551-4EAC-4448-9EC7-B38D723F6B8E}.Release|Any CPU.ActiveCfg = Release|Any CPU
		{3550B551-4EAC-4448-9EC7-B38D723F6B8E}.Release|Any CPU.Build.0 = Release|Any CPU
		{AA18A1AF-B6C7-4342-8B04-F681D4A05551}.Debug|Any CPU.ActiveCfg = Debug|Any CPU
		{AA18A1AF-B6C7-4342-8B04-F681D4A05551}.Debug|Any CPU.Build.0 = Debug|Any CPU
		{AA18A1AF-B6C7-4342-8B04-F681D4A05551}.Release|Any CPU.ActiveCfg = Release|Any CPU
		{AA18A1AF-B6C7-4342-8B04-F681D4A05551}.Release|Any CPU.Build.0 = Release|Any CPU
	EndGlobalSection
	GlobalSection(SolutionProperties) = preSolution
		HideSolutionNode = FALSE
	EndGlobalSection
EndGlobal
