
Microsoft Visual Studio Solution File, Format Version 12.00
# Visual Studio 2013
VisualStudioVersion = 12.0.21005.1
MinimumVisualStudioVersion = 10.0.40219.1
Project("{FAE04EC0-301F-11D3-BF4B-00C04F79EFBC}") = "EntityFramework", "EntityFramework\EntityFramework.csproj", "{143DB467-FBE0-4FC3-880E-6E1FFFC8614E}"
EndProject
Project("{FAE04EC0-301F-11D3-BF4B-00C04F79EFBC}") = "CloneNorthwindAndConcurentChanges", "CloneNorthwind\CloneNorthwindAndConcurentChanges.csproj", "{06AAE32D-90C7-4C87-B7F7-233F0D3F2DBA}"
EndProject
Global
	GlobalSection(SolutionConfigurationPlatforms) = preSolution
		Debug|Any CPU = Debug|Any CPU
		Release|Any CPU = Release|Any CPU
	EndGlobalSection
	GlobalSection(ProjectConfigurationPlatforms) = postSolution
		{143DB467-FBE0-4FC3-880E-6E1FFFC8614E}.Debug|Any CPU.ActiveCfg = Debug|Any CPU
		{143DB467-FBE0-4FC3-880E-6E1FFFC8614E}.Debug|Any CPU.Build.0 = Debug|Any CPU
		{143DB467-FBE0-4FC3-880E-6E1FFFC8614E}.Release|Any CPU.ActiveCfg = Release|Any CPU
		{143DB467-FBE0-4FC3-880E-6E1FFFC8614E}.Release|Any CPU.Build.0 = Release|Any CPU
		{06AAE32D-90C7-4C87-B7F7-233F0D3F2DBA}.Debug|Any CPU.ActiveCfg = Debug|Any CPU
		{06AAE32D-90C7-4C87-B7F7-233F0D3F2DBA}.Debug|Any CPU.Build.0 = Debug|Any CPU
		{06AAE32D-90C7-4C87-B7F7-233F0D3F2DBA}.Release|Any CPU.ActiveCfg = Release|Any CPU
		{06AAE32D-90C7-4C87-B7F7-233F0D3F2DBA}.Release|Any CPU.Build.0 = Release|Any CPU
	EndGlobalSection
	GlobalSection(SolutionProperties) = preSolution
		HideSolutionNode = FALSE
	EndGlobalSection
EndGlobal
