
Microsoft Visual Studio Solution File, Format Version 12.00
# Visual Studio 2013
VisualStudioVersion = 12.0.21005.1
MinimumVisualStudioVersion = 10.0.40219.1
Project("{FAE04EC0-301F-11D3-BF4B-00C04F79EFBC}") = "01.ExchangeIfGreater", "ExchangeIfGreater\01.ExchangeIfGreater.csproj", "{61D935B3-795E-4F90-8421-DB4BD3EE2118}"
EndProject
Project("{FAE04EC0-301F-11D3-BF4B-00C04F79EFBC}") = "02.BonusScore", "BonusScore\02.BonusScore.csproj", "{83398C43-28A2-4348-8552-FFCE76D25FDF}"
EndProject
Project("{FAE04EC0-301F-11D3-BF4B-00C04F79EFBC}") = "03.CheckForAPlayCard", "CheckForAPlayCard\03.CheckForAPlayCard.csproj", "{902ECCD5-B7EF-45B7-86CA-EE4FC0F9B218}"
EndProject
Project("{FAE04EC0-301F-11D3-BF4B-00C04F79EFBC}") = "04.MultiplicationSign", "MultiplicationSign\04.MultiplicationSign.csproj", "{E474FA29-58EC-460B-ABD5-9E60154F86D2}"
EndProject
Global
	GlobalSection(SolutionConfigurationPlatforms) = preSolution
		Debug|Any CPU = Debug|Any CPU
		Release|Any CPU = Release|Any CPU
	EndGlobalSection
	GlobalSection(ProjectConfigurationPlatforms) = postSolution
		{61D935B3-795E-4F90-8421-DB4BD3EE2118}.Debug|Any CPU.ActiveCfg = Debug|Any CPU
		{61D935B3-795E-4F90-8421-DB4BD3EE2118}.Debug|Any CPU.Build.0 = Debug|Any CPU
		{61D935B3-795E-4F90-8421-DB4BD3EE2118}.Release|Any CPU.ActiveCfg = Release|Any CPU
		{61D935B3-795E-4F90-8421-DB4BD3EE2118}.Release|Any CPU.Build.0 = Release|Any CPU
		{83398C43-28A2-4348-8552-FFCE76D25FDF}.Debug|Any CPU.ActiveCfg = Debug|Any CPU
		{83398C43-28A2-4348-8552-FFCE76D25FDF}.Debug|Any CPU.Build.0 = Debug|Any CPU
		{83398C43-28A2-4348-8552-FFCE76D25FDF}.Release|Any CPU.ActiveCfg = Release|Any CPU
		{83398C43-28A2-4348-8552-FFCE76D25FDF}.Release|Any CPU.Build.0 = Release|Any CPU
		{902ECCD5-B7EF-45B7-86CA-EE4FC0F9B218}.Debug|Any CPU.ActiveCfg = Debug|Any CPU
		{902ECCD5-B7EF-45B7-86CA-EE4FC0F9B218}.Debug|Any CPU.Build.0 = Debug|Any CPU
		{902ECCD5-B7EF-45B7-86CA-EE4FC0F9B218}.Release|Any CPU.ActiveCfg = Release|Any CPU
		{902ECCD5-B7EF-45B7-86CA-EE4FC0F9B218}.Release|Any CPU.Build.0 = Release|Any CPU
		{E474FA29-58EC-460B-ABD5-9E60154F86D2}.Debug|Any CPU.ActiveCfg = Debug|Any CPU
		{E474FA29-58EC-460B-ABD5-9E60154F86D2}.Debug|Any CPU.Build.0 = Debug|Any CPU
		{E474FA29-58EC-460B-ABD5-9E60154F86D2}.Release|Any CPU.ActiveCfg = Release|Any CPU
		{E474FA29-58EC-460B-ABD5-9E60154F86D2}.Release|Any CPU.Build.0 = Release|Any CPU
	EndGlobalSection
	GlobalSection(SolutionProperties) = preSolution
		HideSolutionNode = FALSE
	EndGlobalSection
EndGlobal
