
Microsoft Visual Studio Solution File, Format Version 12.00
# Visual Studio 2013
VisualStudioVersion = 12.0.21005.1
MinimumVisualStudioVersion = 10.0.40219.1
Project("{FAE04EC0-301F-11D3-BF4B-00C04F79EFBC}") = "01.ExchangeIfGreater", "ExchangeIfGreater\01.ExchangeIfGreater.csproj", "{61D935B3-795E-4F90-8421-DB4BD3EE2118}"
EndProject
Project("{FAE04EC0-301F-11D3-BF4B-00C04F79EFBC}") = "02.BonusScore", "BonusScore\02.BonusScore.csproj", "{83398C43-28A2-4348-8552-FFCE76D25FDF}"
EndProject
Project("{FAE04EC0-301F-11D3-BF4B-00C04F79EFBC}") = "03.CheckForAPlayCard", "CheckForAPlayCard\03.CheckForAPlayCard.csproj", "{902ECCD5-B7EF-45B7-86CA-EE4FC0F9B218}"
EndProject
Project("{FAE04EC0-301F-11D3-BF4B-00C04F79EFBC}") = "04.MultiplicationSign", "MultiplicationSign\04.MultiplicationSign.csproj", "{E474FA29-58EC-460B-ABD5-9E60154F86D2}"
EndProject
Project("{FAE04EC0-301F-11D3-BF4B-00C04F79EFBC}") = "05.TheBiggestOf3Numbers", "TheBiggestOf3Numbers\05.TheBiggestOf3Numbers.csproj", "{088F2141-20B0-4480-A55D-0968E7096048}"
EndProject
Project("{FAE04EC0-301F-11D3-BF4B-00C04F79EFBC}") = "06.TheBiggestOfFiveNumbers", "TheBiggestOfFiveNumbers\06.TheBiggestOfFiveNumbers.csproj", "{A6EC33E5-667F-42D5-B11A-95EDD1BB6F67}"
EndProject
Project("{FAE04EC0-301F-11D3-BF4B-00C04F79EFBC}") = "07.Sort3NumbersWithNestedIfs", "Sort3NumbersWithNestedIfs\07.Sort3NumbersWithNestedIfs.csproj", "{74A6C9A6-1BEE-4D09-9556-2990ABF78078}"
EndProject
Project("{FAE04EC0-301F-11D3-BF4B-00C04F79EFBC}") = "08.DigitAsWord", "DigitAsWord\08.DigitAsWord.csproj", "{352A81AD-7264-486D-A177-0FB7D63EC6B5}"
EndProject
Project("{FAE04EC0-301F-11D3-BF4B-00C04F79EFBC}") = "09.PlayWithIntDoubleAndString", "PlayWithIntDoubleAndString\09.PlayWithIntDoubleAndString.csproj", "{446ECA91-F047-461F-AE6A-9A525ACBD0AC}"
EndProject
Project("{FAE04EC0-301F-11D3-BF4B-00C04F79EFBC}") = "10.BeerTime", "BeerTime\10.BeerTime.csproj", "{DD630127-DB4D-4F5A-92D5-A84BA80C6DA8}"
EndProject
Project("{FAE04EC0-301F-11D3-BF4B-00C04F79EFBC}") = "11.NumberAsWords", "NumberAsWords\11.NumberAsWords.csproj", "{19C8CC8F-2899-418C-A4B4-939AF056BD81}"
EndProject
Global
	GlobalSection(SolutionConfigurationPlatforms) = preSolution
		Debug|Any CPU = Debug|Any CPU
		Release|Any CPU = Release|Any CPU
	EndGlobalSection
	GlobalSection(ProjectConfigurationPlatforms) = postSolution
		{61D935B3-795E-4F90-8421-DB4BD3EE2118}.Debug|Any CPU.ActiveCfg = Debug|Any CPU
		{61D935B3-795E-4F90-8421-DB4BD3EE2118}.Debug|Any CPU.Build.0 = Debug|Any CPU
		{61D935B3-795E-4F90-8421-DB4BD3EE2118}.Release|Any CPU.ActiveCfg = Release|Any CPU
		{61D935B3-795E-4F90-8421-DB4BD3EE2118}.Release|Any CPU.Build.0 = Release|Any CPU
		{83398C43-28A2-4348-8552-FFCE76D25FDF}.Debug|Any CPU.ActiveCfg = Debug|Any CPU
		{83398C43-28A2-4348-8552-FFCE76D25FDF}.Debug|Any CPU.Build.0 = Debug|Any CPU
		{83398C43-28A2-4348-8552-FFCE76D25FDF}.Release|Any CPU.ActiveCfg = Release|Any CPU
		{83398C43-28A2-4348-8552-FFCE76D25FDF}.Release|Any CPU.Build.0 = Release|Any CPU
		{902ECCD5-B7EF-45B7-86CA-EE4FC0F9B218}.Debug|Any CPU.ActiveCfg = Debug|Any CPU
		{902ECCD5-B7EF-45B7-86CA-EE4FC0F9B218}.Debug|Any CPU.Build.0 = Debug|Any CPU
		{902ECCD5-B7EF-45B7-86CA-EE4FC0F9B218}.Release|Any CPU.ActiveCfg = Release|Any CPU
		{902ECCD5-B7EF-45B7-86CA-EE4FC0F9B218}.Release|Any CPU.Build.0 = Release|Any CPU
		{E474FA29-58EC-460B-ABD5-9E60154F86D2}.Debug|Any CPU.ActiveCfg = Debug|Any CPU
		{E474FA29-58EC-460B-ABD5-9E60154F86D2}.Debug|Any CPU.Build.0 = Debug|Any CPU
		{E474FA29-58EC-460B-ABD5-9E60154F86D2}.Release|Any CPU.ActiveCfg = Release|Any CPU
		{E474FA29-58EC-460B-ABD5-9E60154F86D2}.Release|Any CPU.Build.0 = Release|Any CPU
		{088F2141-20B0-4480-A55D-0968E7096048}.Debug|Any CPU.ActiveCfg = Debug|Any CPU
		{088F2141-20B0-4480-A55D-0968E7096048}.Debug|Any CPU.Build.0 = Debug|Any CPU
		{088F2141-20B0-4480-A55D-0968E7096048}.Release|Any CPU.ActiveCfg = Release|Any CPU
		{088F2141-20B0-4480-A55D-0968E7096048}.Release|Any CPU.Build.0 = Release|Any CPU
		{A6EC33E5-667F-42D5-B11A-95EDD1BB6F67}.Debug|Any CPU.ActiveCfg = Debug|Any CPU
		{A6EC33E5-667F-42D5-B11A-95EDD1BB6F67}.Debug|Any CPU.Build.0 = Debug|Any CPU
		{A6EC33E5-667F-42D5-B11A-95EDD1BB6F67}.Release|Any CPU.ActiveCfg = Release|Any CPU
		{A6EC33E5-667F-42D5-B11A-95EDD1BB6F67}.Release|Any CPU.Build.0 = Release|Any CPU
		{74A6C9A6-1BEE-4D09-9556-2990ABF78078}.Debug|Any CPU.ActiveCfg = Debug|Any CPU
		{74A6C9A6-1BEE-4D09-9556-2990ABF78078}.Debug|Any CPU.Build.0 = Debug|Any CPU
		{74A6C9A6-1BEE-4D09-9556-2990ABF78078}.Release|Any CPU.ActiveCfg = Release|Any CPU
		{74A6C9A6-1BEE-4D09-9556-2990ABF78078}.Release|Any CPU.Build.0 = Release|Any CPU
		{352A81AD-7264-486D-A177-0FB7D63EC6B5}.Debug|Any CPU.ActiveCfg = Debug|Any CPU
		{352A81AD-7264-486D-A177-0FB7D63EC6B5}.Debug|Any CPU.Build.0 = Debug|Any CPU
		{352A81AD-7264-486D-A177-0FB7D63EC6B5}.Release|Any CPU.ActiveCfg = Release|Any CPU
		{352A81AD-7264-486D-A177-0FB7D63EC6B5}.Release|Any CPU.Build.0 = Release|Any CPU
		{446ECA91-F047-461F-AE6A-9A525ACBD0AC}.Debug|Any CPU.ActiveCfg = Debug|Any CPU
		{446ECA91-F047-461F-AE6A-9A525ACBD0AC}.Debug|Any CPU.Build.0 = Debug|Any CPU
		{446ECA91-F047-461F-AE6A-9A525ACBD0AC}.Release|Any CPU.ActiveCfg = Release|Any CPU
		{446ECA91-F047-461F-AE6A-9A525ACBD0AC}.Release|Any CPU.Build.0 = Release|Any CPU
		{DD630127-DB4D-4F5A-92D5-A84BA80C6DA8}.Debug|Any CPU.ActiveCfg = Debug|Any CPU
		{DD630127-DB4D-4F5A-92D5-A84BA80C6DA8}.Debug|Any CPU.Build.0 = Debug|Any CPU
		{DD630127-DB4D-4F5A-92D5-A84BA80C6DA8}.Release|Any CPU.ActiveCfg = Release|Any CPU
		{DD630127-DB4D-4F5A-92D5-A84BA80C6DA8}.Release|Any CPU.Build.0 = Release|Any CPU
		{19C8CC8F-2899-418C-A4B4-939AF056BD81}.Debug|Any CPU.ActiveCfg = Debug|Any CPU
		{19C8CC8F-2899-418C-A4B4-939AF056BD81}.Debug|Any CPU.Build.0 = Debug|Any CPU
		{19C8CC8F-2899-418C-A4B4-939AF056BD81}.Release|Any CPU.ActiveCfg = Release|Any CPU
		{19C8CC8F-2899-418C-A4B4-939AF056BD81}.Release|Any CPU.Build.0 = Release|Any CPU
	EndGlobalSection
	GlobalSection(SolutionProperties) = preSolution
		HideSolutionNode = FALSE
	EndGlobalSection
EndGlobal
