
Microsoft Visual Studio Solution File, Format Version 12.00
# Visual Studio 2013
VisualStudioVersion = 12.0.21005.1
MinimumVisualStudioVersion = 10.0.40219.1
Project("{FAE04EC0-301F-11D3-BF4B-00C04F79EFBC}") = "01.FillTheMatrix", "FillTheMatrix\01.FillTheMatrix.csproj", "{083B5C3B-2FD3-4127-A624-806ADD0BC5A4}"
EndProject
Project("{FAE04EC0-301F-11D3-BF4B-00C04F79EFBC}") = "02.MaximalSum", "MaximalSum\02.MaximalSum.csproj", "{452D5792-B181-4DC7-99D2-60F101C17B05}"
EndProject
Project("{FAE04EC0-301F-11D3-BF4B-00C04F79EFBC}") = "03.SequenceNMatrix", "SequenceNMatrix\03.SequenceNMatrix.csproj", "{E43FD129-EA9B-4911-8FBD-DF7FCA92238C}"
EndProject
Project("{FAE04EC0-301F-11D3-BF4B-00C04F79EFBC}") = "04.BinarySearch", "BinarySearch\04.BinarySearch.csproj", "{C3665590-DB9A-4B2C-ABE5-668640340535}"
EndProject
Project("{FAE04EC0-301F-11D3-BF4B-00C04F79EFBC}") = "05.SortByStringLength", "SortByStringLength\05.SortByStringLength.csproj", "{2CC6F1DC-B3EE-4739-A4D7-6C0D82F38C5F}"
EndProject
Project("{FAE04EC0-301F-11D3-BF4B-00C04F79EFBC}") = "06.MatrixClass", "MatrixClass\06.MatrixClass.csproj", "{700ECDD5-E2DF-4C60-89C0-5D7166D791CA}"
EndProject
Project("{FAE04EC0-301F-11D3-BF4B-00C04F79EFBC}") = "07.LargestAreaInMatrix", "LargestAreaInMatrix\07.LargestAreaInMatrix.csproj", "{7507AA8B-B3A5-4A11-BA05-5BD889E1757B}"
EndProject
Global
	GlobalSection(SolutionConfigurationPlatforms) = preSolution
		Debug|Any CPU = Debug|Any CPU
		Release|Any CPU = Release|Any CPU
	EndGlobalSection
	GlobalSection(ProjectConfigurationPlatforms) = postSolution
		{083B5C3B-2FD3-4127-A624-806ADD0BC5A4}.Debug|Any CPU.ActiveCfg = Debug|Any CPU
		{083B5C3B-2FD3-4127-A624-806ADD0BC5A4}.Debug|Any CPU.Build.0 = Debug|Any CPU
		{083B5C3B-2FD3-4127-A624-806ADD0BC5A4}.Release|Any CPU.ActiveCfg = Release|Any CPU
		{083B5C3B-2FD3-4127-A624-806ADD0BC5A4}.Release|Any CPU.Build.0 = Release|Any CPU
		{452D5792-B181-4DC7-99D2-60F101C17B05}.Debug|Any CPU.ActiveCfg = Debug|Any CPU
		{452D5792-B181-4DC7-99D2-60F101C17B05}.Debug|Any CPU.Build.0 = Debug|Any CPU
		{452D5792-B181-4DC7-99D2-60F101C17B05}.Release|Any CPU.ActiveCfg = Release|Any CPU
		{452D5792-B181-4DC7-99D2-60F101C17B05}.Release|Any CPU.Build.0 = Release|Any CPU
		{E43FD129-EA9B-4911-8FBD-DF7FCA92238C}.Debug|Any CPU.ActiveCfg = Debug|Any CPU
		{E43FD129-EA9B-4911-8FBD-DF7FCA92238C}.Debug|Any CPU.Build.0 = Debug|Any CPU
		{E43FD129-EA9B-4911-8FBD-DF7FCA92238C}.Release|Any CPU.ActiveCfg = Release|Any CPU
		{E43FD129-EA9B-4911-8FBD-DF7FCA92238C}.Release|Any CPU.Build.0 = Release|Any CPU
		{C3665590-DB9A-4B2C-ABE5-668640340535}.Debug|Any CPU.ActiveCfg = Debug|Any CPU
		{C3665590-DB9A-4B2C-ABE5-668640340535}.Debug|Any CPU.Build.0 = Debug|Any CPU
		{C3665590-DB9A-4B2C-ABE5-668640340535}.Release|Any CPU.ActiveCfg = Release|Any CPU
		{C3665590-DB9A-4B2C-ABE5-668640340535}.Release|Any CPU.Build.0 = Release|Any CPU
		{2CC6F1DC-B3EE-4739-A4D7-6C0D82F38C5F}.Debug|Any CPU.ActiveCfg = Debug|Any CPU
		{2CC6F1DC-B3EE-4739-A4D7-6C0D82F38C5F}.Debug|Any CPU.Build.0 = Debug|Any CPU
		{2CC6F1DC-B3EE-4739-A4D7-6C0D82F38C5F}.Release|Any CPU.ActiveCfg = Release|Any CPU
		{2CC6F1DC-B3EE-4739-A4D7-6C0D82F38C5F}.Release|Any CPU.Build.0 = Release|Any CPU
		{700ECDD5-E2DF-4C60-89C0-5D7166D791CA}.Debug|Any CPU.ActiveCfg = Debug|Any CPU
		{700ECDD5-E2DF-4C60-89C0-5D7166D791CA}.Debug|Any CPU.Build.0 = Debug|Any CPU
		{700ECDD5-E2DF-4C60-89C0-5D7166D791CA}.Release|Any CPU.ActiveCfg = Release|Any CPU
		{700ECDD5-E2DF-4C60-89C0-5D7166D791CA}.Release|Any CPU.Build.0 = Release|Any CPU
		{7507AA8B-B3A5-4A11-BA05-5BD889E1757B}.Debug|Any CPU.ActiveCfg = Debug|Any CPU
		{7507AA8B-B3A5-4A11-BA05-5BD889E1757B}.Debug|Any CPU.Build.0 = Debug|Any CPU
		{7507AA8B-B3A5-4A11-BA05-5BD889E1757B}.Release|Any CPU.ActiveCfg = Release|Any CPU
		{7507AA8B-B3A5-4A11-BA05-5BD889E1757B}.Release|Any CPU.Build.0 = Release|Any CPU
	EndGlobalSection
	GlobalSection(SolutionProperties) = preSolution
		HideSolutionNode = FALSE
	EndGlobalSection
EndGlobal
