
Microsoft Visual Studio Solution File, Format Version 12.00
# Visual Studio 2013
VisualStudioVersion = 12.0.21005.1
MinimumVisualStudioVersion = 10.0.40219.1
Project("{FAE04EC0-301F-11D3-BF4B-00C04F79EFBC}") = "01.StudentClass", "StudentClass\01.StudentClass.csproj", "{02526D42-C1E7-479D-92CF-13621227D486}"
EndProject
Project("{FAE04EC0-301F-11D3-BF4B-00C04F79EFBC}") = "04.PersonClass", "PersonClass\04.PersonClass.csproj", "{6F99ECCA-FD8F-44EF-B2F5-E0358F8A9D4E}"
EndProject
Project("{FAE04EC0-301F-11D3-BF4B-00C04F79EFBC}") = "05.BitArray", "BitArray\05.BitArray.csproj", "{29EC42AD-217F-4B78-A160-495E8EBF0D25}"
EndProject
Global
	GlobalSection(SolutionConfigurationPlatforms) = preSolution
		Debug|Any CPU = Debug|Any CPU
		Release|Any CPU = Release|Any CPU
	EndGlobalSection
	GlobalSection(ProjectConfigurationPlatforms) = postSolution
		{02526D42-C1E7-479D-92CF-13621227D486}.Debug|Any CPU.ActiveCfg = Debug|Any CPU
		{02526D42-C1E7-479D-92CF-13621227D486}.Debug|Any CPU.Build.0 = Debug|Any CPU
		{02526D42-C1E7-479D-92CF-13621227D486}.Release|Any CPU.ActiveCfg = Release|Any CPU
		{02526D42-C1E7-479D-92CF-13621227D486}.Release|Any CPU.Build.0 = Release|Any CPU
		{6F99ECCA-FD8F-44EF-B2F5-E0358F8A9D4E}.Debug|Any CPU.ActiveCfg = Debug|Any CPU
		{6F99ECCA-FD8F-44EF-B2F5-E0358F8A9D4E}.Debug|Any CPU.Build.0 = Debug|Any CPU
		{6F99ECCA-FD8F-44EF-B2F5-E0358F8A9D4E}.Release|Any CPU.ActiveCfg = Release|Any CPU
		{6F99ECCA-FD8F-44EF-B2F5-E0358F8A9D4E}.Release|Any CPU.Build.0 = Release|Any CPU
		{29EC42AD-217F-4B78-A160-495E8EBF0D25}.Debug|Any CPU.ActiveCfg = Debug|Any CPU
		{29EC42AD-217F-4B78-A160-495E8EBF0D25}.Debug|Any CPU.Build.0 = Debug|Any CPU
		{29EC42AD-217F-4B78-A160-495E8EBF0D25}.Release|Any CPU.ActiveCfg = Release|Any CPU
		{29EC42AD-217F-4B78-A160-495E8EBF0D25}.Release|Any CPU.Build.0 = Release|Any CPU
	EndGlobalSection
	GlobalSection(SolutionProperties) = preSolution
		HideSolutionNode = FALSE
	EndGlobalSection
EndGlobal
