
Microsoft Visual Studio Solution File, Format Version 12.00
# Visual Studio 14
VisualStudioVersion = 14.0.23107.0
MinimumVisualStudioVersion = 10.0.40219.1
Project("{FAE04EC0-301F-11D3-BF4B-00C04F79EFBC}") = "Election", "Election\Election.csproj", "{9C2883FC-B91C-4ABE-9A79-70BF26B7ACE1}"
EndProject
Project("{FAE04EC0-301F-11D3-BF4B-00C04F79EFBC}") = "ShortestPath", "ShortestPath\ShortestPath.csproj", "{C570EF96-A6DA-415D-80E5-32F2D1ADDE6B}"
EndProject
Global
	GlobalSection(SolutionConfigurationPlatforms) = preSolution
		Debug|Any CPU = Debug|Any CPU
		Release|Any CPU = Release|Any CPU
	EndGlobalSection
	GlobalSection(ProjectConfigurationPlatforms) = postSolution
		{9C2883FC-B91C-4ABE-9A79-70BF26B7ACE1}.Debug|Any CPU.ActiveCfg = Debug|Any CPU
		{9C2883FC-B91C-4ABE-9A79-70BF26B7ACE1}.Debug|Any CPU.Build.0 = Debug|Any CPU
		{9C2883FC-B91C-4ABE-9A79-70BF26B7ACE1}.Release|Any CPU.ActiveCfg = Release|Any CPU
		{9C2883FC-B91C-4ABE-9A79-70BF26B7ACE1}.Release|Any CPU.Build.0 = Release|Any CPU
		{C570EF96-A6DA-415D-80E5-32F2D1ADDE6B}.Debug|Any CPU.ActiveCfg = Debug|Any CPU
		{C570EF96-A6DA-415D-80E5-32F2D1ADDE6B}.Debug|Any CPU.Build.0 = Debug|Any CPU
		{C570EF96-A6DA-415D-80E5-32F2D1ADDE6B}.Release|Any CPU.ActiveCfg = Release|Any CPU
		{C570EF96-A6DA-415D-80E5-32F2D1ADDE6B}.Release|Any CPU.Build.0 = Release|Any CPU
	EndGlobalSection
	GlobalSection(SolutionProperties) = preSolution
		HideSolutionNode = FALSE
	EndGlobalSection
EndGlobal
