
Microsoft Visual Studio Solution File, Format Version 12.00
# Visual Studio 2013
VisualStudioVersion = 12.0.21005.1
MinimumVisualStudioVersion = 10.0.40219.1
Project("{FAE04EC0-301F-11D3-BF4B-00C04F79EFBC}") = "01.OddLines", "OddLines\01.OddLines.csproj", "{0ADD97B6-A18D-409F-BC54-A5A25A97D6B1}"
EndProject
Project("{FAE04EC0-301F-11D3-BF4B-00C04F79EFBC}") = "02.ConcatenateTextFiles", "ConcatenateTextFiles\02.ConcatenateTextFiles.csproj", "{9DED6AB2-88FB-4CFA-9287-D62C06EC8169}"
EndProject
Project("{FAE04EC0-301F-11D3-BF4B-00C04F79EFBC}") = "03.LineNumbers", "LineNumbers\03.LineNumbers.csproj", "{5BE85A22-55D2-45F8-92E4-7A6C8E8A98DB}"
EndProject
Project("{FAE04EC0-301F-11D3-BF4B-00C04F79EFBC}") = "04.CompareTextFiles", "CompareTextFiles\04.CompareTextFiles.csproj", "{9820792F-03F8-4BD0-8257-8FA5DB4B5CD7}"
EndProject
Project("{FAE04EC0-301F-11D3-BF4B-00C04F79EFBC}") = "05.MaximalAreaSum", "MaximalAreaSum\05.MaximalAreaSum.csproj", "{A459FCA1-44F6-4491-BD3C-EAEF0C57B404}"
EndProject
Global
	GlobalSection(SolutionConfigurationPlatforms) = preSolution
		Debug|Any CPU = Debug|Any CPU
		Release|Any CPU = Release|Any CPU
	EndGlobalSection
	GlobalSection(ProjectConfigurationPlatforms) = postSolution
		{0ADD97B6-A18D-409F-BC54-A5A25A97D6B1}.Debug|Any CPU.ActiveCfg = Debug|Any CPU
		{0ADD97B6-A18D-409F-BC54-A5A25A97D6B1}.Debug|Any CPU.Build.0 = Debug|Any CPU
		{0ADD97B6-A18D-409F-BC54-A5A25A97D6B1}.Release|Any CPU.ActiveCfg = Release|Any CPU
		{0ADD97B6-A18D-409F-BC54-A5A25A97D6B1}.Release|Any CPU.Build.0 = Release|Any CPU
		{9DED6AB2-88FB-4CFA-9287-D62C06EC8169}.Debug|Any CPU.ActiveCfg = Debug|Any CPU
		{9DED6AB2-88FB-4CFA-9287-D62C06EC8169}.Debug|Any CPU.Build.0 = Debug|Any CPU
		{9DED6AB2-88FB-4CFA-9287-D62C06EC8169}.Release|Any CPU.ActiveCfg = Release|Any CPU
		{9DED6AB2-88FB-4CFA-9287-D62C06EC8169}.Release|Any CPU.Build.0 = Release|Any CPU
		{5BE85A22-55D2-45F8-92E4-7A6C8E8A98DB}.Debug|Any CPU.ActiveCfg = Debug|Any CPU
		{5BE85A22-55D2-45F8-92E4-7A6C8E8A98DB}.Debug|Any CPU.Build.0 = Debug|Any CPU
		{5BE85A22-55D2-45F8-92E4-7A6C8E8A98DB}.Release|Any CPU.ActiveCfg = Release|Any CPU
		{5BE85A22-55D2-45F8-92E4-7A6C8E8A98DB}.Release|Any CPU.Build.0 = Release|Any CPU
		{9820792F-03F8-4BD0-8257-8FA5DB4B5CD7}.Debug|Any CPU.ActiveCfg = Debug|Any CPU
		{9820792F-03F8-4BD0-8257-8FA5DB4B5CD7}.Debug|Any CPU.Build.0 = Debug|Any CPU
		{9820792F-03F8-4BD0-8257-8FA5DB4B5CD7}.Release|Any CPU.ActiveCfg = Release|Any CPU
		{9820792F-03F8-4BD0-8257-8FA5DB4B5CD7}.Release|Any CPU.Build.0 = Release|Any CPU
		{A459FCA1-44F6-4491-BD3C-EAEF0C57B404}.Debug|Any CPU.ActiveCfg = Debug|Any CPU
		{A459FCA1-44F6-4491-BD3C-EAEF0C57B404}.Debug|Any CPU.Build.0 = Debug|Any CPU
		{A459FCA1-44F6-4491-BD3C-EAEF0C57B404}.Release|Any CPU.ActiveCfg = Release|Any CPU
		{A459FCA1-44F6-4491-BD3C-EAEF0C57B404}.Release|Any CPU.Build.0 = Release|Any CPU
	EndGlobalSection
	GlobalSection(SolutionProperties) = preSolution
		HideSolutionNode = FALSE
	EndGlobalSection
EndGlobal
