
Microsoft Visual Studio Solution File, Format Version 12.00
# Visual Studio 2013
VisualStudioVersion = 12.0.21005.1
MinimumVisualStudioVersion = 10.0.40219.1
Project("{FAE04EC0-301F-11D3-BF4B-00C04F79EFBC}") = "01.OddLines", "OddLines\01.OddLines.csproj", "{0ADD97B6-A18D-409F-BC54-A5A25A97D6B1}"
EndProject
Project("{FAE04EC0-301F-11D3-BF4B-00C04F79EFBC}") = "02.ConcatenateTextFiles", "ConcatenateTextFiles\02.ConcatenateTextFiles.csproj", "{9DED6AB2-88FB-4CFA-9287-D62C06EC8169}"
EndProject
Project("{FAE04EC0-301F-11D3-BF4B-00C04F79EFBC}") = "03.LineNumbers", "LineNumbers\03.LineNumbers.csproj", "{5BE85A22-55D2-45F8-92E4-7A6C8E8A98DB}"
EndProject
Project("{FAE04EC0-301F-11D3-BF4B-00C04F79EFBC}") = "04.CompareTextFiles", "CompareTextFiles\04.CompareTextFiles.csproj", "{9820792F-03F8-4BD0-8257-8FA5DB4B5CD7}"
EndProject
Project("{FAE04EC0-301F-11D3-BF4B-00C04F79EFBC}") = "05.MaximalAreaSum", "MaximalAreaSum\05.MaximalAreaSum.csproj", "{A459FCA1-44F6-4491-BD3C-EAEF0C57B404}"
EndProject
Project("{FAE04EC0-301F-11D3-BF4B-00C04F79EFBC}") = "06.SaveSortedNames", "SaveSortedNames\06.SaveSortedNames.csproj", "{B00C9129-8D17-4F85-B0EE-E1431328D779}"
EndProject
Project("{FAE04EC0-301F-11D3-BF4B-00C04F79EFBC}") = "07.ReplaceSubString", "ReplaceSubString\07.ReplaceSubString.csproj", "{20C0F19C-943E-49AF-9860-59AE88B845C0}"
EndProject
Project("{FAE04EC0-301F-11D3-BF4B-00C04F79EFBC}") = "08.ReplaceWholeWord", "ReplaceWholeWord\08.ReplaceWholeWord.csproj", "{25438C2C-63AB-4E95-BD12-6AE2F3F29F85}"
EndProject
Project("{FAE04EC0-301F-11D3-BF4B-00C04F79EFBC}") = "09.DeleteOddLines", "DeleteOddLines\09.DeleteOddLines.csproj", "{31F30D55-7903-47C1-A948-49C2C5ADE7A2}"
EndProject
Project("{FAE04EC0-301F-11D3-BF4B-00C04F79EFBC}") = "10.ExtractTextFromXML", "ExtractTextFromXML\10.ExtractTextFromXML.csproj", "{84B7A3FD-8C18-4C88-B602-861397B8C6C6}"
EndProject
Project("{FAE04EC0-301F-11D3-BF4B-00C04F79EFBC}") = "11.PrefixTest", "PrefixTest\11.PrefixTest.csproj", "{4C939992-5AA4-4326-A992-1F069F4E6A39}"
EndProject
Project("{FAE04EC0-301F-11D3-BF4B-00C04F79EFBC}") = "12.RemoveWords", "RemoveWords\12.RemoveWords.csproj", "{9E855DA1-90C8-48B7-A2E7-EB0699D3624B}"
EndProject
Project("{FAE04EC0-301F-11D3-BF4B-00C04F79EFBC}") = "13.CountWords", "CountWords\13.CountWords.csproj", "{CE6EC383-94EE-49B8-96EA-EA4674736910}"
EndProject
Global
	GlobalSection(SolutionConfigurationPlatforms) = preSolution
		Debug|Any CPU = Debug|Any CPU
		Release|Any CPU = Release|Any CPU
	EndGlobalSection
	GlobalSection(ProjectConfigurationPlatforms) = postSolution
		{0ADD97B6-A18D-409F-BC54-A5A25A97D6B1}.Debug|Any CPU.ActiveCfg = Debug|Any CPU
		{0ADD97B6-A18D-409F-BC54-A5A25A97D6B1}.Debug|Any CPU.Build.0 = Debug|Any CPU
		{0ADD97B6-A18D-409F-BC54-A5A25A97D6B1}.Release|Any CPU.ActiveCfg = Release|Any CPU
		{0ADD97B6-A18D-409F-BC54-A5A25A97D6B1}.Release|Any CPU.Build.0 = Release|Any CPU
		{9DED6AB2-88FB-4CFA-9287-D62C06EC8169}.Debug|Any CPU.ActiveCfg = Debug|Any CPU
		{9DED6AB2-88FB-4CFA-9287-D62C06EC8169}.Debug|Any CPU.Build.0 = Debug|Any CPU
		{9DED6AB2-88FB-4CFA-9287-D62C06EC8169}.Release|Any CPU.ActiveCfg = Release|Any CPU
		{9DED6AB2-88FB-4CFA-9287-D62C06EC8169}.Release|Any CPU.Build.0 = Release|Any CPU
		{5BE85A22-55D2-45F8-92E4-7A6C8E8A98DB}.Debug|Any CPU.ActiveCfg = Debug|Any CPU
		{5BE85A22-55D2-45F8-92E4-7A6C8E8A98DB}.Debug|Any CPU.Build.0 = Debug|Any CPU
		{5BE85A22-55D2-45F8-92E4-7A6C8E8A98DB}.Release|Any CPU.ActiveCfg = Release|Any CPU
		{5BE85A22-55D2-45F8-92E4-7A6C8E8A98DB}.Release|Any CPU.Build.0 = Release|Any CPU
		{9820792F-03F8-4BD0-8257-8FA5DB4B5CD7}.Debug|Any CPU.ActiveCfg = Debug|Any CPU
		{9820792F-03F8-4BD0-8257-8FA5DB4B5CD7}.Debug|Any CPU.Build.0 = Debug|Any CPU
		{9820792F-03F8-4BD0-8257-8FA5DB4B5CD7}.Release|Any CPU.ActiveCfg = Release|Any CPU
		{9820792F-03F8-4BD0-8257-8FA5DB4B5CD7}.Release|Any CPU.Build.0 = Release|Any CPU
		{A459FCA1-44F6-4491-BD3C-EAEF0C57B404}.Debug|Any CPU.ActiveCfg = Debug|Any CPU
		{A459FCA1-44F6-4491-BD3C-EAEF0C57B404}.Debug|Any CPU.Build.0 = Debug|Any CPU
		{A459FCA1-44F6-4491-BD3C-EAEF0C57B404}.Release|Any CPU.ActiveCfg = Release|Any CPU
		{A459FCA1-44F6-4491-BD3C-EAEF0C57B404}.Release|Any CPU.Build.0 = Release|Any CPU
		{B00C9129-8D17-4F85-B0EE-E1431328D779}.Debug|Any CPU.ActiveCfg = Debug|Any CPU
		{B00C9129-8D17-4F85-B0EE-E1431328D779}.Debug|Any CPU.Build.0 = Debug|Any CPU
		{B00C9129-8D17-4F85-B0EE-E1431328D779}.Release|Any CPU.ActiveCfg = Release|Any CPU
		{B00C9129-8D17-4F85-B0EE-E1431328D779}.Release|Any CPU.Build.0 = Release|Any CPU
		{20C0F19C-943E-49AF-9860-59AE88B845C0}.Debug|Any CPU.ActiveCfg = Debug|Any CPU
		{20C0F19C-943E-49AF-9860-59AE88B845C0}.Debug|Any CPU.Build.0 = Debug|Any CPU
		{20C0F19C-943E-49AF-9860-59AE88B845C0}.Release|Any CPU.ActiveCfg = Release|Any CPU
		{20C0F19C-943E-49AF-9860-59AE88B845C0}.Release|Any CPU.Build.0 = Release|Any CPU
		{25438C2C-63AB-4E95-BD12-6AE2F3F29F85}.Debug|Any CPU.ActiveCfg = Debug|Any CPU
		{25438C2C-63AB-4E95-BD12-6AE2F3F29F85}.Debug|Any CPU.Build.0 = Debug|Any CPU
		{25438C2C-63AB-4E95-BD12-6AE2F3F29F85}.Release|Any CPU.ActiveCfg = Release|Any CPU
		{25438C2C-63AB-4E95-BD12-6AE2F3F29F85}.Release|Any CPU.Build.0 = Release|Any CPU
		{31F30D55-7903-47C1-A948-49C2C5ADE7A2}.Debug|Any CPU.ActiveCfg = Debug|Any CPU
		{31F30D55-7903-47C1-A948-49C2C5ADE7A2}.Debug|Any CPU.Build.0 = Debug|Any CPU
		{31F30D55-7903-47C1-A948-49C2C5ADE7A2}.Release|Any CPU.ActiveCfg = Release|Any CPU
		{31F30D55-7903-47C1-A948-49C2C5ADE7A2}.Release|Any CPU.Build.0 = Release|Any CPU
		{84B7A3FD-8C18-4C88-B602-861397B8C6C6}.Debug|Any CPU.ActiveCfg = Debug|Any CPU
		{84B7A3FD-8C18-4C88-B602-861397B8C6C6}.Debug|Any CPU.Build.0 = Debug|Any CPU
		{84B7A3FD-8C18-4C88-B602-861397B8C6C6}.Release|Any CPU.ActiveCfg = Release|Any CPU
		{84B7A3FD-8C18-4C88-B602-861397B8C6C6}.Release|Any CPU.Build.0 = Release|Any CPU
		{4C939992-5AA4-4326-A992-1F069F4E6A39}.Debug|Any CPU.ActiveCfg = Debug|Any CPU
		{4C939992-5AA4-4326-A992-1F069F4E6A39}.Debug|Any CPU.Build.0 = Debug|Any CPU
		{4C939992-5AA4-4326-A992-1F069F4E6A39}.Release|Any CPU.ActiveCfg = Release|Any CPU
		{4C939992-5AA4-4326-A992-1F069F4E6A39}.Release|Any CPU.Build.0 = Release|Any CPU
		{9E855DA1-90C8-48B7-A2E7-EB0699D3624B}.Debug|Any CPU.ActiveCfg = Debug|Any CPU
		{9E855DA1-90C8-48B7-A2E7-EB0699D3624B}.Debug|Any CPU.Build.0 = Debug|Any CPU
		{9E855DA1-90C8-48B7-A2E7-EB0699D3624B}.Release|Any CPU.ActiveCfg = Release|Any CPU
		{9E855DA1-90C8-48B7-A2E7-EB0699D3624B}.Release|Any CPU.Build.0 = Release|Any CPU
		{CE6EC383-94EE-49B8-96EA-EA4674736910}.Debug|Any CPU.ActiveCfg = Debug|Any CPU
		{CE6EC383-94EE-49B8-96EA-EA4674736910}.Debug|Any CPU.Build.0 = Debug|Any CPU
		{CE6EC383-94EE-49B8-96EA-EA4674736910}.Release|Any CPU.ActiveCfg = Release|Any CPU
		{CE6EC383-94EE-49B8-96EA-EA4674736910}.Release|Any CPU.Build.0 = Release|Any CPU
	EndGlobalSection
	GlobalSection(SolutionProperties) = preSolution
		HideSolutionNode = FALSE
	EndGlobalSection
EndGlobal
